{
  "version": 4,
  "terraform_version": "1.14.2",
  "serial": 50,
  "lineage": "8337128f-44c0-5624-856e-b242102af952",
  "outputs": {
    "namespace": {
      "value": "devops-dev",
      "type": "string"
    }
  },
  "resources": [
    {
      "mode": "managed",
      "type": "helm_release",
      "name": "nginx_ingress",
      "provider": "provider[\"registry.terraform.io/hashicorp/helm\"]",
      "instances": [
        {
          "schema_version": 1,
          "attributes": {
            "atomic": false,
            "chart": "ingress-nginx",
            "cleanup_on_fail": false,
            "create_namespace": true,
            "dependency_update": false,
            "description": null,
            "devel": null,
            "disable_crd_hooks": false,
            "disable_openapi_validation": false,
            "disable_webhooks": false,
            "force_update": false,
            "id": "ingress-nginx",
            "keyring": null,
            "lint": false,
            "manifest": null,
            "max_history": 0,
            "metadata": [
              {
                "app_version": "1.14.1",
                "chart": "ingress-nginx",
                "first_deployed": 1765712331,
                "last_deployed": 1765712331,
                "name": "ingress-nginx",
                "namespace": "ingress-nginx",
                "notes": "The ingress-nginx controller has been installed.\nGet the application URL by running these commands:\n  export HTTP_NODE_PORT=$(kubectl get service --namespace ingress-nginx ingress-nginx-controller --output jsonpath=\"{.spec.ports[0].nodePort}\")\n  export HTTPS_NODE_PORT=$(kubectl get service --namespace ingress-nginx ingress-nginx-controller --output jsonpath=\"{.spec.ports[1].nodePort}\")\n  export NODE_IP=\"$(kubectl get nodes --output jsonpath=\"{.items[0].status.addresses[1].address}\")\"\n\n  echo \"Visit http://${NODE_IP}:${HTTP_NODE_PORT} to access your application via HTTP.\"\n  echo \"Visit https://${NODE_IP}:${HTTPS_NODE_PORT} to access your application via HTTPS.\"\n\nAn example Ingress that makes use of the controller:\n  apiVersion: networking.k8s.io/v1\n  kind: Ingress\n  metadata:\n    name: example\n    namespace: foo\n  spec:\n    ingressClassName: nginx\n    rules:\n      - host: www.example.com\n        http:\n          paths:\n            - pathType: Prefix\n              backend:\n                service:\n                  name: exampleService\n                  port:\n                    number: 80\n              path: /\n    # This section is only required if TLS is to be enabled for the Ingress\n    tls:\n      - hosts:\n        - www.example.com\n        secretName: example-tls\n\nIf TLS is enabled for the Ingress, a Secret containing the certificate and key must also be provided:\n\n  apiVersion: v1\n  kind: Secret\n  metadata:\n    name: example-tls\n    namespace: foo\n  data:\n    tls.crt: \u003cbase64 encoded cert\u003e\n    tls.key: \u003cbase64 encoded key\u003e\n  type: kubernetes.io/tls\n",
                "revision": 1,
                "values": "{\"controller\":{\"nodeSelector\":{\"ingress-ready\":\"true\"},\"service\":{\"type\":\"NodePort\"},\"tolerations\":[{\"effect\":\"NoSchedule\",\"key\":\"node-role.kubernetes.io/control-plane\",\"operator\":\"Exists\"}],\"watchIngressWithoutClass\":\"true\"}}",
                "version": "4.14.1"
              }
            ],
            "name": "ingress-nginx",
            "namespace": "ingress-nginx",
            "pass_credentials": false,
            "postrender": [],
            "recreate_pods": false,
            "render_subchart_notes": true,
            "replace": false,
            "repository": "https://kubernetes.github.io/ingress-nginx",
            "repository_ca_file": null,
            "repository_cert_file": null,
            "repository_key_file": null,
            "repository_password": null,
            "repository_username": null,
            "reset_values": false,
            "reuse_values": false,
            "set": [
              {
                "name": "controller.nodeSelector.ingress-ready",
                "type": "string",
                "value": "true"
              },
              {
                "name": "controller.service.type",
                "type": "",
                "value": "NodePort"
              },
              {
                "name": "controller.tolerations[0].effect",
                "type": "",
                "value": "NoSchedule"
              },
              {
                "name": "controller.tolerations[0].key",
                "type": "",
                "value": "node-role.kubernetes.io/control-plane"
              },
              {
                "name": "controller.tolerations[0].operator",
                "type": "",
                "value": "Exists"
              },
              {
                "name": "controller.watchIngressWithoutClass",
                "type": "string",
                "value": "true"
              }
            ],
            "set_list": [],
            "set_sensitive": [],
            "skip_crds": false,
            "status": "deployed",
            "timeout": 300,
            "upgrade_install": null,
            "values": null,
            "verify": false,
            "version": "4.14.1",
            "wait": true,
            "wait_for_jobs": false
          },
          "sensitive_attributes": [
            [
              {
                "type": "get_attr",
                "value": "repository_password"
              }
            ]
          ],
          "identity_schema_version": 0,
          "private": "eyJzY2hlbWFfdmVyc2lvbiI6IjEifQ==",
          "dependencies": [
            "kind_cluster.this"
          ]
        }
      ]
    },
    {
      "mode": "managed",
      "type": "kind_cluster",
      "name": "this",
      "provider": "provider[\"registry.terraform.io/tehcyx/kind\"]",
      "instances": [
        {
          "schema_version": 0,
          "attributes": {
            "client_certificate": "-----BEGIN CERTIFICATE-----\nMIIDKTCCAhGgAwIBAgIIQ7eC7EcvhmwwDQYJKoZIhvcNAQELBQAwFTETMBEGA1UE\nAxMKa3ViZXJuZXRlczAeFw0yNTEyMTQxMTMzMDRaFw0yNjEyMTQxMTM4MDZaMDwx\nHzAdBgNVBAoTFmt1YmVhZG06Y2x1c3Rlci1hZG1pbnMxGTAXBgNVBAMTEGt1YmVy\nbmV0ZXMtYWRtaW4wggEiMA0GCSqGSIb3DQEBAQUAA4IBDwAwggEKAoIBAQDMPS8v\nox9Yv+QhX+jXvgP2gNeFvqvelkyoqE5qW7D6Ug1ugFz1Dpd99AHj3lQgM7w/hp/8\nPNlgBfNz0zBEiavITGiU0/ZwiF7bGJBlXrto+18mQ3uYl3xFeh2yZ1RqwDH6UPJM\nWbMjOvcOTyGLGwgzpwfWYgqAZl5a6s4podvUCqjpZwiqbAfAVyuwPRO9coXBCB2F\nIJteUaMaXeJKG/dPJuhExYpkukjy1ZU2+5LHvGanXG6y2TExwEcQmjkvLzG21/KJ\nquSe1llxpHLksDu3bnLQ3dRcbYSToZQbCLRVwsXojTDp17RcF2YLc8hlpMwITVHL\nMPAAnEIYSAlcwtFbAgMBAAGjVjBUMA4GA1UdDwEB/wQEAwIFoDATBgNVHSUEDDAK\nBggrBgEFBQcDAjAMBgNVHRMBAf8EAjAAMB8GA1UdIwQYMBaAFLh02Wkp36SQbaUm\nGZoJ3fxoTNM+MA0GCSqGSIb3DQEBCwUAA4IBAQBUZDJYtDeF0R418CKBHZnoOxNC\n1beCduaOlM4dJWrY2bv9KiS/VVigQ0f+rs8OVujDOY1gKtU31Ii2/qnN4xuVx1bU\naEyUX3+qB9p3PWFqx7sXxBKEGkL0V6VEk1gX3Eh+mq+/1bfNKtDBR15kIiEwQ9k4\nm2bhk9Wuy69tgQVuA17AV1ZCTUICMPYKcUujLM33Ka6pQ/JBMVZqixmU1Z+KGRgu\nL/RCENbKOSgx0u+4GRaWKDY2bh9RgJw620oMx+pjTmXutdi+eB/C0BVtz5xDY0CZ\nZzaCAfsGsxjG4VJ4V44MS5/tAmpZzmCNhmdGL18iS4YSyBGqB4qHmf34m/H0\n-----END CERTIFICATE-----\n",
            "client_key": "-----BEGIN RSA PRIVATE KEY-----\nMIIEowIBAAKCAQEAzD0vL6MfWL/kIV/o174D9oDXhb6r3pZMqKhOaluw+lINboBc\n9Q6XffQB495UIDO8P4af/DzZYAXzc9MwRImryExolNP2cIhe2xiQZV67aPtfJkN7\nmJd8RXodsmdUasAx+lDyTFmzIzr3Dk8hixsIM6cH1mIKgGZeWurOKaHb1Aqo6WcI\nqmwHwFcrsD0TvXKFwQgdhSCbXlGjGl3iShv3TyboRMWKZLpI8tWVNvuSx7xmp1xu\nstkxMcBHEJo5Ly8xttfyiarkntZZcaRy5LA7t25y0N3UXG2Ek6GUGwi0VcLF6I0w\n6de0XBdmC3PIZaTMCE1RyzDwAJxCGEgJXMLRWwIDAQABAoIBAQCBqFH9Vvw+dkuY\nWG/UDoArjG3GLV6kxxvRck+du6nlsBNw1DKvK91Gi5Jrm6gibVWTqp6EHgkNqZl9\nLVQWHqQcW02FNe7cT+aQBs8cW4B0TCiCfRLIs1qkLLsPmAOCZZMUyzCXAdb0halz\nvw6XZcjWKbKTCdiK3PIHm8rXqTaKLDsGwsA6Tnr2RcHEXOhxD9dDq/eCnkW6Imh4\nCHPN+oDAszVAjcCVQRerKjdwinUBwsSX8GKjmysDlpNmYmomQ8YFLNLqoDkLfbqg\nAjt9CAENgqqLXBl+FbFuteRNhtAgzv+aN8eBGbBlIO4UtorpceBCqCU9Ih/aKTFB\nAHugaf0xAoGBAPdrftHUaYtCX/0ZHFUbl/qhhWeDsaIEuIwQQjtfFszE7q4OutNn\n/4Bj6WzBclWFAPziot6frptHukqu0cFk00jYT52Q1gncI4u+GrLmibblC9h6TpGQ\n/8h0ZgcyUT3xZlK+9EiiS7NxT2o5Q+HQJxUUuY7nsLPBe99onnSRuzF5AoGBANNS\nWC6uyRN/OPbw33rX+YQkboDHEpbS7icqAANlhtHnNjcykkwzNH+eJvJ/dJ3rIbZo\nPmk0q9PqEzvLzvM0jlOSEzNpAgU2a9uEQ7/JwPSEGEK+CeGE4EDXjyo3gBSaYOPO\nW09v4q3prxZANo+JORv9BQv5O0DBS5JUF/CBelhzAoGAdS1FzJ5qtfdjenyv/Gar\nHZntkk6+i9rsg/kXRQMNy0DhQTHcrU6tpOKspEMhoPrystGrDQBXM1dPFRuiX5Me\ntXssiZUUqWrGsuH/xwaD5kinyYhzOWGQoiDuSS49Z7ayHTIug0/Jxlw9njMswP9R\n4xwDnXiBKUDTJ8VmdhKmsxECgYAY3ffCho7i3HW3mWCy8/dItYDLZqGpXejocujN\nfYT/7lVS6YCNtvjWi6XJo3X1n1W4QUwW1TvjFAhvYOxZcjXNX8MiqZizRFQs4MOY\nLgWmwGSadgJzp088UiFmtmE8C26bYA0eq+vgyz7vP18sRNmTkZKmdg2i8RwTfBHV\nG2dqQQKBgHSGTGYoP7C4/w+OgfgkAJ8vK1GTJW3GwyDLXOQg+AjHif+p32io+uK8\n2HDurANfEPGPLcsgZyRN2zwI86VfDb72gj+PZJvpDvO+DZ+EkWX+8khdDQd+8JGc\nPYW5llBSQhIprWe2aHxBaYMHl1MXe0E9NDNfig5IB0L9R1nzyk41\n-----END RSA PRIVATE KEY-----\n",
            "cluster_ca_certificate": "-----BEGIN CERTIFICATE-----\nMIIDBTCCAe2gAwIBAgIIb46Dj7p462wwDQYJKoZIhvcNAQELBQAwFTETMBEGA1UE\nAxMKa3ViZXJuZXRlczAeFw0yNTEyMTQxMTMzMDRaFw0zNTEyMTIxMTM4MDRaMBUx\nEzARBgNVBAMTCmt1YmVybmV0ZXMwggEiMA0GCSqGSIb3DQEBAQUAA4IBDwAwggEK\nAoIBAQDjaDuUXpNJ1lOYMG0r5PhybazNZ13e0INHlU5h/viaTEgBVY6B+RVX2ov0\ndaVkz9tYj6LfczaLjIT7NMFSEqaXBZRA/GYO730dlW+N01wTe6SE+tSu0MNAs67m\np4/laXF2Mm53Jr6t2GbRiohyj+NRih612/9RdW1LEuZ7dXAoHOymFznxZEfDQZaj\nLdpXlsc45kSSOThJwrhlRCTlEgEIF1Noz/WoDrBKUmaDHpEdd0TOzcom6m2BBV2Z\nw9hUmfVvq4uMmZ2IsaD+zkdWI+ftmcmJGu6ismIo5bcVVp3tf9yLljbg64BVYD+F\nJWd5l0w7L2PgQO9YcQtq3X4MPAgVAgMBAAGjWTBXMA4GA1UdDwEB/wQEAwICpDAP\nBgNVHRMBAf8EBTADAQH/MB0GA1UdDgQWBBS4dNlpKd+kkG2lJhmaCd38aEzTPjAV\nBgNVHREEDjAMggprdWJlcm5ldGVzMA0GCSqGSIb3DQEBCwUAA4IBAQCYEKq67xO6\naKS+LRdZwpX/fqENJMMudF4tabW0F/CqR92X6bK/yTZBU+W0GZUajBFmC7xkaJs7\npa4hM9Pf9ps/2Dlq6BnZMRu4jNft1YzdlZoxiIp52Hc7GDB3Kc2ad7M60oHOOZD5\nG9NQxnAR1tpuMsbsjKZgVqwP4YVURcZ360lPMXij5aXRAbcxnmoP7gHJXsFrjDmx\nvo97KQwHbcubrHlPtODwQ4hl1yyIhNg/VltDCUcLjQVEC3ApKmJE7Qdh3ehTUlq7\nZlAwVwOfo8IKrAXyTctSEDwI0wBGffi+Hd1NyexLN5JeKK5iMAgx3sD1jbTfJ4We\nA3u0z9EAQLvC\n-----END CERTIFICATE-----\n",
            "completed": true,
            "endpoint": "https://127.0.0.1:36961",
            "id": "kind-cluster-1-kindest/node:v1.29.8",
            "kind_config": [
              {
                "api_version": "kind.x-k8s.io/v1alpha4",
                "containerd_config_patches": [],
                "feature_gates": {},
                "kind": "Cluster",
                "networking": [],
                "node": [
                  {
                    "extra_mounts": [],
                    "extra_port_mappings": [],
                    "image": "",
                    "kubeadm_config_patches": [
                      "kind: InitConfiguration\nnodeRegistration:\n  kubeletExtraArgs:\n    node-labels: \"ingress-ready=true\"\n"
                    ],
                    "labels": {},
                    "role": "control-plane"
                  }
                ],
                "runtime_config": {}
              }
            ],
            "kubeconfig": "apiVersion: v1\nclusters:\n- cluster:\n    certificate-authority-data: LS0tLS1CRUdJTiBDRVJUSUZJQ0FURS0tLS0tCk1JSURCVENDQWUyZ0F3SUJBZ0lJYjQ2RGo3cDQ2Mnd3RFFZSktvWklodmNOQVFFTEJRQXdGVEVUTUJFR0ExVUUKQXhNS2EzVmlaWEp1WlhSbGN6QWVGdzB5TlRFeU1UUXhNVE16TURSYUZ3MHpOVEV5TVRJeE1UTTRNRFJhTUJVeApFekFSQmdOVkJBTVRDbXQxWW1WeWJtVjBaWE13Z2dFaU1BMEdDU3FHU0liM0RRRUJBUVVBQTRJQkR3QXdnZ0VLCkFvSUJBUURqYUR1VVhwTkoxbE9ZTUcwcjVQaHliYXpOWjEzZTBJTkhsVTVoL3ZpYVRFZ0JWWTZCK1JWWDJvdjAKZGFWa3o5dFlqNkxmY3phTGpJVDdOTUZTRXFhWEJaUkEvR1lPNzMwZGxXK04wMXdUZTZTRSt0U3UwTU5BczY3bQpwNC9sYVhGMk1tNTNKcjZ0MkdiUmlvaHlqK05SaWg2MTIvOVJkVzFMRXVaN2RYQW9IT3ltRnpueFpFZkRRWmFqCkxkcFhsc2M0NWtTU09UaEp3cmhsUkNUbEVnRUlGMU5vei9Xb0RyQktVbWFESHBFZGQwVE96Y29tNm0yQkJWMloKdzloVW1mVnZxNHVNbVoySXNhRCt6a2RXSStmdG1jbUpHdTZpc21JbzViY1ZWcDN0Zjl5TGxqYmc2NEJWWUQrRgpKV2Q1bDB3N0wyUGdRTzlZY1F0cTNYNE1QQWdWQWdNQkFBR2pXVEJYTUE0R0ExVWREd0VCL3dRRUF3SUNwREFQCkJnTlZIUk1CQWY4RUJUQURBUUgvTUIwR0ExVWREZ1FXQkJTNGRObHBLZCtra0cybEpobWFDZDM4YUV6VFBqQVYKQmdOVkhSRUVEakFNZ2dwcmRXSmxjbTVsZEdWek1BMEdDU3FHU0liM0RRRUJDd1VBQTRJQkFRQ1lFS3E2N3hPNgphS1MrTFJkWndwWC9mcUVOSk1NdWRGNHRhYlcwRi9DcVI5Mlg2YksveVRaQlUrVzBHWlVhakJGbUM3eGthSnM3CnBhNGhNOVBmOXBzLzJEbHE2Qm5aTVJ1NGpOZnQxWXpkbFpveGlJcDUySGM3R0RCM0tjMmFkN002MG9IT09aRDUKRzlOUXhuQVIxdHB1TXNic2pLWmdWcXdQNFlWVVJjWjM2MGxQTVhpajVhWFJBYmN4bm1vUDdnSEpYc0ZyakRteAp2bzk3S1F3SGJjdWJySGxQdE9Ed1E0aGwxeXlJaE5nL1ZsdERDVWNMalFWRUMzQXBLbUpFN1FkaDNlaFRVbHE3ClpsQXdWd09mbzhJS3JBWHlUY3RTRUR3STB3QkdmZmkrSGQxTnlleExONUplS0s1aU1BZ3gzc0QxamJUZko0V2UKQTN1MHo5RUFRTHZDCi0tLS0tRU5EIENFUlRJRklDQVRFLS0tLS0K\n    server: https://127.0.0.1:36961\n  name: kind-kind-cluster-1\ncontexts:\n- context:\n    cluster: kind-kind-cluster-1\n    user: kind-kind-cluster-1\n  name: kind-kind-cluster-1\ncurrent-context: kind-kind-cluster-1\nkind: Config\npreferences: {}\nusers:\n- name: kind-kind-cluster-1\n  user:\n    client-certificate-data: LS0tLS1CRUdJTiBDRVJUSUZJQ0FURS0tLS0tCk1JSURLVENDQWhHZ0F3SUJBZ0lJUTdlQzdFY3ZobXd3RFFZSktvWklodmNOQVFFTEJRQXdGVEVUTUJFR0ExVUUKQXhNS2EzVmlaWEp1WlhSbGN6QWVGdzB5TlRFeU1UUXhNVE16TURSYUZ3MHlOakV5TVRReE1UTTRNRFphTUR3eApIekFkQmdOVkJBb1RGbXQxWW1WaFpHMDZZMngxYzNSbGNpMWhaRzFwYm5NeEdUQVhCZ05WQkFNVEVHdDFZbVZ5CmJtVjBaWE10WVdSdGFXNHdnZ0VpTUEwR0NTcUdTSWIzRFFFQkFRVUFBNElCRHdBd2dnRUtBb0lCQVFETVBTOHYKb3g5WXYrUWhYK2pYdmdQMmdOZUZ2cXZlbGt5b3FFNXFXN0Q2VWcxdWdGejFEcGQ5OUFIajNsUWdNN3cvaHAvOApQTmxnQmZOejB6QkVpYXZJVEdpVTAvWndpRjdiR0pCbFhydG8rMThtUTN1WWwzeEZlaDJ5WjFScXdESDZVUEpNCldiTWpPdmNPVHlHTEd3Z3pwd2ZXWWdxQVpsNWE2czRwb2R2VUNxanBad2lxYkFmQVZ5dXdQUk85Y29YQkNCMkYKSUp0ZVVhTWFYZUpLRy9kUEp1aEV4WXBrdWtqeTFaVTIrNUxIdkdhblhHNnkyVEV4d0VjUW1qa3ZMekcyMS9LSgpxdVNlMWxseHBITGtzRHUzYm5MUTNkUmNiWVNUb1pRYkNMUlZ3c1hvalREcDE3UmNGMllMYzhobHBNd0lUVkhMCk1QQUFuRUlZU0FsY3d0RmJBZ01CQUFHalZqQlVNQTRHQTFVZER3RUIvd1FFQXdJRm9EQVRCZ05WSFNVRUREQUsKQmdnckJnRUZCUWNEQWpBTUJnTlZIUk1CQWY4RUFqQUFNQjhHQTFVZEl3UVlNQmFBRkxoMDJXa3AzNlNRYmFVbQpHWm9KM2Z4b1ROTStNQTBHQ1NxR1NJYjNEUUVCQ3dVQUE0SUJBUUJVWkRKWXREZUYwUjQxOENLQkhabm9PeE5DCjFiZUNkdWFPbE00ZEpXclkyYnY5S2lTL1ZWaWdRMGYrcnM4T1Z1akRPWTFnS3RVMzFJaTIvcW5ONHh1VngxYlUKYUV5VVgzK3FCOXAzUFdGcXg3c1h4QktFR2tMMFY2VkVrMWdYM0VoK21xKy8xYmZOS3REQlIxNWtJaUV3UTlrNAptMmJoazlXdXk2OXRnUVZ1QTE3QVYxWkNUVUlDTVBZS2NVdWpMTTMzS2E2cFEvSkJNVlpxaXhtVTFaK0tHUmd1CkwvUkNFTmJLT1NneDB1KzRHUmFXS0RZMmJoOVJnSnc2MjBvTXgrcGpUbVh1dGRpK2VCL0MwQlZ0ejV4RFkwQ1oKWnphQ0Fmc0dzeGpHNFZKNFY0NE1TNS90QW1wWnptQ05obWRHTDE4aVM0WVN5QkdxQjRxSG1mMzRtL0gwCi0tLS0tRU5EIENFUlRJRklDQVRFLS0tLS0K\n    client-key-data: LS0tLS1CRUdJTiBSU0EgUFJJVkFURSBLRVktLS0tLQpNSUlFb3dJQkFBS0NBUUVBekQwdkw2TWZXTC9rSVYvbzE3NEQ5b0RYaGI2cjNwWk1xS2hPYWx1dytsSU5ib0JjCjlRNlhmZlFCNDk1VUlETzhQNGFmL0R6WllBWHpjOU13UkltcnlFeG9sTlAyY0loZTJ4aVFaVjY3YVB0ZkprTjcKbUpkOFJYb2RzbWRVYXNBeCtsRHlURm16SXpyM0RrOGhpeHNJTTZjSDFtSUtnR1plV3VyT0thSGIxQXFvNldjSQpxbXdId0ZjcnNEMFR2WEtGd1FnZGhTQ2JYbEdqR2wzaVNodjNUeWJvUk1XS1pMcEk4dFdWTnZ1U3g3eG1wMXh1CnN0a3hNY0JIRUpvNUx5OHh0dGZ5aWFya250WlpjYVJ5NUxBN3QyNXkwTjNVWEcyRWs2R1VHd2kwVmNMRjZJMHcKNmRlMFhCZG1DM1BJWmFUTUNFMVJ5ekR3QUp4Q0dFZ0pYTUxSV3dJREFRQUJBb0lCQVFDQnFGSDlWdncrZGt1WQpXRy9VRG9BcmpHM0dMVjZreHh2UmNrK2R1Nm5sc0JOdzFES3ZLOTFHaTVKcm02Z2liVldUcXA2RUhna05xWmw5CkxWUVdIcVFjVzAyRk5lN2NUK2FRQnM4Y1c0QjBUQ2lDZlJMSXMxcWtMTHNQbUFPQ1paTVV5ekNYQWRiMGhhbHoKdnc2WFpjaldLYktUQ2RpSzNQSUhtOHJYcVRhS0xEc0d3c0E2VG5yMlJjSEVYT2h4RDlkRHEvZUNua1c2SW1oNApDSFBOK29EQXN6VkFqY0NWUVJlcktqZHdpblVCd3NTWDhHS2pteXNEbHBObVltb21ROFlGTE5McW9Ea0xmYnFnCkFqdDlDQUVOZ3FxTFhCbCtGYkZ1dGVSTmh0QWd6dithTjhlQkdiQmxJTzRVdG9ycGNlQkNxQ1U5SWgvYUtURkIKQUh1Z2FmMHhBb0dCQVBkcmZ0SFVhWXRDWC8wWkhGVWJsL3FoaFdlRHNhSUV1SXdRUWp0ZkZzekU3cTRPdXRObgovNEJqNld6QmNsV0ZBUHppb3Q2ZnJwdEh1a3F1MGNGazAwallUNTJRMWduY0k0dStHckxtaWJibEM5aDZUcEdRCi84aDBaZ2N5VVQzeFpsSys5RWlpUzdOeFQybzVRK0hRSnhVVXVZN25zTFBCZTk5b25uU1J1ekY1QW9HQkFOTlMKV0M2dXlSTi9PUGJ3MzNyWCtZUWtib0RIRXBiUzdpY3FBQU5saHRIbk5qY3lra3d6TkgrZUp2Si9kSjNySWJabwpQbWswcTlQcUV6dkx6dk0wamxPU0V6TnBBZ1UyYTl1RVE3L0p3UFNFR0VLK0NlR0U0RURYanlvM2dCU2FZT1BPClcwOXY0cTNwcnhaQU5vK0pPUnY5QlF2NU8wREJTNUpVRi9DQmVsaHpBb0dBZFMxRnpKNXF0ZmRqZW55di9HYXIKSFpudGtrNitpOXJzZy9rWFJRTU55MERoUVRIY3JVNnRwT0tzcEVNaG9QcnlzdEdyRFFCWE0xZFBGUnVpWDVNZQp0WHNzaVpVVXFXckdzdUgveHdhRDVraW55WWh6T1dHUW9pRHVTUzQ5WjdheUhUSXVnMC9KeGx3OW5qTXN3UDlSCjR4d0RuWGlCS1VEVEo4Vm1kaEttc3hFQ2dZQVkzZmZDaG83aTNIVzNtV0N5OC9kSXRZRExacUdwWGVqb2N1ak4KZllULzdsVlM2WUNOdHZqV2k2WEpvM1gxbjFXNFFVd1cxVHZqRkFodllPeFpjalhOWDhNaXFaaXpSRlFzNE1PWQpMZ1dtd0dTYWRnSnpwMDg4VWlGbXRtRThDMjZiWUEwZXErdmd5ejd2UDE4c1JObVRrWkttZGcyaThSd1RmQkhWCkcyZHFRUUtCZ0hTR1RHWW9QN0M0L3crT2dmZ2tBSjh2SzFHVEpXM0d3eURMWE9RZytBakhpZitwMzJpbyt1SzgKMkhEdXJBTmZFUEdQTGNzZ1p5Uk4yendJODZWZkRiNzJnaitQWkp2cER2TytEWitFa1dYKzhraGREUWQrOEpHYwpQWVc1bGxCU1FoSXByV2UyYUh4QmFZTUhsMU1YZTBFOU5ETmZpZzVJQjBMOVIxbnp5azQxCi0tLS0tRU5EIFJTQSBQUklWQVRFIEtFWS0tLS0tCg==\n",
            "kubeconfig_path": "/home/tanzim/projects/devops/devops-test/infra/terraform/kind-cluster-1-config",
            "name": "kind-cluster-1",
            "node_image": "kindest/node:v1.29.8",
            "timeouts": null,
            "wait_for_ready": true
          },
          "sensitive_attributes": [],
          "identity_schema_version": 0,
          "private": "eyJlMmJmYjczMC1lY2FhLTExZTYtOGY4OC0zNDM2M2JjN2M0YzAiOnsiY3JlYXRlIjozMDAwMDAwMDAwMDAsImRlbGV0ZSI6MzAwMDAwMDAwMDAwLCJ1cGRhdGUiOjMwMDAwMDAwMDAwMH19"
        }
      ]
    },
    {
      "mode": "managed",
      "type": "kubernetes_deployment",
      "name": "backend",
      "provider": "provider[\"registry.terraform.io/hashicorp/kubernetes\"]",
      "instances": [
        {
          "schema_version": 1,
          "attributes": {
            "id": "devops-dev/backend",
            "metadata": [
              {
                "annotations": {
                  "prometheus.io/path": "/metrics",
                  "prometheus.io/port": "5000",
                  "prometheus.io/scrape": "true"
                },
                "generate_name": "",
                "generation": 1,
                "labels": {},
                "name": "backend",
                "namespace": "devops-dev",
                "resource_version": "1011",
                "uid": "dcf776d8-dba7-4975-a795-491ef07b50e9"
              }
            ],
            "spec": [
              {
                "min_ready_seconds": 0,
                "paused": false,
                "progress_deadline_seconds": 600,
                "replicas": "1",
                "revision_history_limit": 10,
                "selector": [
                  {
                    "match_expressions": [],
                    "match_labels": {
                      "app": "backend"
                    }
                  }
                ],
                "strategy": [
                  {
                    "rolling_update": [
                      {
                        "max_surge": "25%",
                        "max_unavailable": "25%"
                      }
                    ],
                    "type": "RollingUpdate"
                  }
                ],
                "template": [
                  {
                    "metadata": [
                      {
                        "annotations": {},
                        "generate_name": "",
                        "generation": 0,
                        "labels": {
                          "app": "backend"
                        },
                        "name": "",
                        "namespace": "",
                        "resource_version": "",
                        "uid": ""
                      }
                    ],
                    "spec": [
                      {
                        "active_deadline_seconds": 0,
                        "affinity": [],
                        "automount_service_account_token": true,
                        "container": [
                          {
                            "args": [],
                            "command": [],
                            "env": [],
                            "env_from": [],
                            "image": "backend:latest",
                            "image_pull_policy": "Never",
                            "lifecycle": [],
                            "liveness_probe": [],
                            "name": "backend",
                            "port": [
                              {
                                "container_port": 5000,
                                "host_ip": "",
                                "host_port": 0,
                                "name": "",
                                "protocol": "TCP"
                              }
                            ],
                            "readiness_probe": [],
                            "resources": [
                              {
                                "limits": {},
                                "requests": {}
                              }
                            ],
                            "security_context": [],
                            "startup_probe": [],
                            "stdin": false,
                            "stdin_once": false,
                            "termination_message_path": "/dev/termination-log",
                            "termination_message_policy": "File",
                            "tty": false,
                            "volume_mount": [],
                            "working_dir": ""
                          }
                        ],
                        "dns_config": [],
                        "dns_policy": "ClusterFirst",
                        "enable_service_links": true,
                        "host_aliases": [],
                        "host_ipc": false,
                        "host_network": false,
                        "host_pid": false,
                        "hostname": "",
                        "image_pull_secrets": [],
                        "init_container": [],
                        "node_name": "",
                        "node_selector": {},
                        "os": [],
                        "priority_class_name": "",
                        "readiness_gate": [],
                        "restart_policy": "Always",
                        "runtime_class_name": "",
                        "scheduler_name": "default-scheduler",
                        "security_context": [],
                        "service_account_name": "",
                        "share_process_namespace": false,
                        "subdomain": "",
                        "termination_grace_period_seconds": 30,
                        "toleration": [],
                        "topology_spread_constraint": [],
                        "volume": []
                      }
                    ]
                  }
                ]
              }
            ],
            "timeouts": null,
            "wait_for_rollout": true
          },
          "sensitive_attributes": [],
          "identity_schema_version": 0,
          "private": "eyJlMmJmYjczMC1lY2FhLTExZTYtOGY4OC0zNDM2M2JjN2M0YzAiOnsiY3JlYXRlIjo2MDAwMDAwMDAwMDAsImRlbGV0ZSI6NjAwMDAwMDAwMDAwLCJ1cGRhdGUiOjYwMDAwMDAwMDAwMH0sInNjaGVtYV92ZXJzaW9uIjoiMSJ9",
          "dependencies": [
            "kind_cluster.this",
            "kubernetes_namespace.dev"
          ]
        }
      ]
    },
    {
      "mode": "managed",
      "type": "kubernetes_deployment",
      "name": "frontend",
      "provider": "provider[\"registry.terraform.io/hashicorp/kubernetes\"]",
      "instances": [
        {
          "schema_version": 1,
          "attributes": {
            "id": "devops-dev/frontend",
            "metadata": [
              {
                "annotations": {},
                "generate_name": "",
                "generation": 1,
                "labels": {},
                "name": "frontend",
                "namespace": "devops-dev",
                "resource_version": "1698",
                "uid": "f6325774-283a-416a-8566-3ed271f3969c"
              }
            ],
            "spec": [
              {
                "min_ready_seconds": 0,
                "paused": false,
                "progress_deadline_seconds": 600,
                "replicas": "1",
                "revision_history_limit": 10,
                "selector": [
                  {
                    "match_expressions": [],
                    "match_labels": {
                      "app": "frontend"
                    }
                  }
                ],
                "strategy": [
                  {
                    "rolling_update": [
                      {
                        "max_surge": "25%",
                        "max_unavailable": "25%"
                      }
                    ],
                    "type": "RollingUpdate"
                  }
                ],
                "template": [
                  {
                    "metadata": [
                      {
                        "annotations": {},
                        "generate_name": "",
                        "generation": 0,
                        "labels": {
                          "app": "frontend"
                        },
                        "name": "",
                        "namespace": "",
                        "resource_version": "",
                        "uid": ""
                      }
                    ],
                    "spec": [
                      {
                        "active_deadline_seconds": 0,
                        "affinity": [],
                        "automount_service_account_token": true,
                        "container": [
                          {
                            "args": [],
                            "command": [],
                            "env": [],
                            "env_from": [],
                            "image": "frontend:latest",
                            "image_pull_policy": "Never",
                            "lifecycle": [],
                            "liveness_probe": [],
                            "name": "frontend",
                            "port": [
                              {
                                "container_port": 80,
                                "host_ip": "",
                                "host_port": 0,
                                "name": "",
                                "protocol": "TCP"
                              }
                            ],
                            "readiness_probe": [],
                            "resources": [
                              {
                                "limits": {},
                                "requests": {}
                              }
                            ],
                            "security_context": [],
                            "startup_probe": [],
                            "stdin": false,
                            "stdin_once": false,
                            "termination_message_path": "/dev/termination-log",
                            "termination_message_policy": "File",
                            "tty": false,
                            "volume_mount": [],
                            "working_dir": ""
                          }
                        ],
                        "dns_config": [],
                        "dns_policy": "ClusterFirst",
                        "enable_service_links": true,
                        "host_aliases": [],
                        "host_ipc": false,
                        "host_network": false,
                        "host_pid": false,
                        "hostname": "",
                        "image_pull_secrets": [],
                        "init_container": [],
                        "node_name": "",
                        "node_selector": {},
                        "os": [],
                        "priority_class_name": "",
                        "readiness_gate": [],
                        "restart_policy": "Always",
                        "runtime_class_name": "",
                        "scheduler_name": "default-scheduler",
                        "security_context": [],
                        "service_account_name": "",
                        "share_process_namespace": false,
                        "subdomain": "",
                        "termination_grace_period_seconds": 30,
                        "toleration": [],
                        "topology_spread_constraint": [],
                        "volume": []
                      }
                    ]
                  }
                ]
              }
            ],
            "timeouts": null,
            "wait_for_rollout": true
          },
          "sensitive_attributes": [],
          "identity_schema_version": 0,
          "private": "eyJlMmJmYjczMC1lY2FhLTExZTYtOGY4OC0zNDM2M2JjN2M0YzAiOnsiY3JlYXRlIjo2MDAwMDAwMDAwMDAsImRlbGV0ZSI6NjAwMDAwMDAwMDAwLCJ1cGRhdGUiOjYwMDAwMDAwMDAwMH0sInNjaGVtYV92ZXJzaW9uIjoiMSJ9",
          "dependencies": [
            "kind_cluster.this",
            "kubernetes_namespace.dev"
          ]
        }
      ]
    },
    {
      "mode": "managed",
      "type": "kubernetes_ingress_v1",
      "name": "app",
      "provider": "provider[\"registry.terraform.io/hashicorp/kubernetes\"]",
      "instances": [
        {
          "schema_version": 0,
          "attributes": {
            "id": "devops-dev/app-ingress",
            "metadata": [
              {
                "annotations": {
                  "nginx.ingress.kubernetes.io/ssl-redirect": "false"
                },
                "generate_name": "",
                "generation": 1,
                "labels": {},
                "name": "app-ingress",
                "namespace": "devops-dev",
                "resource_version": "890",
                "uid": "0abc0946-a393-466e-a2e8-a1da0ca39fa6"
              }
            ],
            "spec": [
              {
                "default_backend": [],
                "ingress_class_name": "nginx",
                "rule": [
                  {
                    "host": "app.devops-test.local",
                    "http": [
                      {
                        "path": [
                          {
                            "backend": [
                              {
                                "resource": [],
                                "service": [
                                  {
                                    "name": "frontend",
                                    "port": [
                                      {
                                        "name": "",
                                        "number": 80
                                      }
                                    ]
                                  }
                                ]
                              }
                            ],
                            "path": "/",
                            "path_type": "Prefix"
                          }
                        ]
                      }
                    ]
                  },
                  {
                    "host": "api.devops-test.local",
                    "http": [
                      {
                        "path": [
                          {
                            "backend": [
                              {
                                "resource": [],
                                "service": [
                                  {
                                    "name": "backend",
                                    "port": [
                                      {
                                        "name": "",
                                        "number": 5000
                                      }
                                    ]
                                  }
                                ]
                              }
                            ],
                            "path": "/",
                            "path_type": "Prefix"
                          }
                        ]
                      }
                    ]
                  }
                ],
                "tls": []
              }
            ],
            "status": [
              {
                "load_balancer": [
                  {
                    "ingress": [
                      {
                        "hostname": "",
                        "ip": "10.96.106.227"
                      }
                    ]
                  }
                ]
              }
            ],
            "timeouts": null,
            "wait_for_load_balancer": null
          },
          "sensitive_attributes": [],
          "identity_schema_version": 0,
          "private": "eyJlMmJmYjczMC1lY2FhLTExZTYtOGY4OC0zNDM2M2JjN2M0YzAiOnsiY3JlYXRlIjoxMjAwMDAwMDAwMDAwLCJkZWxldGUiOjEyMDAwMDAwMDAwMDB9fQ==",
          "dependencies": [
            "helm_release.nginx_ingress",
            "kind_cluster.this",
            "kubernetes_deployment.backend",
            "kubernetes_deployment.frontend",
            "kubernetes_namespace.dev",
            "kubernetes_service.backend",
            "kubernetes_service.frontend"
          ]
        }
      ]
    },
    {
      "mode": "managed",
      "type": "kubernetes_namespace",
      "name": "dev",
      "provider": "provider[\"registry.terraform.io/hashicorp/kubernetes\"]",
      "instances": [
        {
          "schema_version": 0,
          "attributes": {
            "id": "devops-dev",
            "metadata": [
              {
                "annotations": {},
                "generate_name": "",
                "generation": 0,
                "labels": {},
                "name": "devops-dev",
                "resource_version": "472",
                "uid": "20dfecf9-0823-4b54-8e39-96e3098f6661"
              }
            ],
            "timeouts": null,
            "wait_for_default_service_account": false
          },
          "sensitive_attributes": [],
          "identity_schema_version": 0,
          "private": "eyJlMmJmYjczMC1lY2FhLTExZTYtOGY4OC0zNDM2M2JjN2M0YzAiOnsiZGVsZXRlIjozMDAwMDAwMDAwMDB9fQ==",
          "dependencies": [
            "kind_cluster.this"
          ]
        }
      ]
    },
    {
      "mode": "managed",
      "type": "kubernetes_secret",
      "name": "backend",
      "provider": "provider[\"registry.terraform.io/hashicorp/kubernetes\"]",
      "instances": [
        {
          "schema_version": 0,
          "attributes": {
            "binary_data": null,
            "data": {},
            "id": "devops-dev/backend-secrets",
            "immutable": false,
            "metadata": [
              {
                "annotations": {},
                "generate_name": "",
                "generation": 0,
                "labels": {},
                "name": "backend-secrets",
                "namespace": "devops-dev",
                "resource_version": "475",
                "uid": "607b1ef5-4e38-40ab-8d1a-031a4181466c"
              }
            ],
            "timeouts": null,
            "type": "Opaque",
            "wait_for_service_account_token": true
          },
          "sensitive_attributes": [
            [
              {
                "type": "get_attr",
                "value": "binary_data"
              }
            ],
            [
              {
                "type": "get_attr",
                "value": "data"
              }
            ]
          ],
          "identity_schema_version": 0,
          "private": "eyJlMmJmYjczMC1lY2FhLTExZTYtOGY4OC0zNDM2M2JjN2M0YzAiOnsiY3JlYXRlIjo2MDAwMDAwMDAwMH19",
          "dependencies": [
            "kind_cluster.this",
            "kubernetes_namespace.dev"
          ]
        }
      ]
    },
    {
      "mode": "managed",
      "type": "kubernetes_secret",
      "name": "postgres",
      "provider": "provider[\"registry.terraform.io/hashicorp/kubernetes\"]",
      "instances": [
        {
          "schema_version": 0,
          "attributes": {
            "binary_data": null,
            "data": {
              "POSTGRES_DB": "c2FtcGxlZGI=",
              "POSTGRES_PASSWORD": "cG9zdGdyZXMtcGFzcw==",
              "POSTGRES_USER": "cG9zdGdyZXM="
            },
            "id": "devops-dev/postgres-secret",
            "immutable": false,
            "metadata": [
              {
                "annotations": {},
                "generate_name": "",
                "generation": 0,
                "labels": {},
                "name": "postgres-secret",
                "namespace": "devops-dev",
                "resource_version": "476",
                "uid": "785b0cd7-bc08-4c68-8cf0-056d917c3b7d"
              }
            ],
            "timeouts": null,
            "type": "Opaque",
            "wait_for_service_account_token": true
          },
          "sensitive_attributes": [
            [
              {
                "type": "get_attr",
                "value": "binary_data"
              }
            ],
            [
              {
                "type": "get_attr",
                "value": "data"
              }
            ]
          ],
          "identity_schema_version": 0,
          "private": "eyJlMmJmYjczMC1lY2FhLTExZTYtOGY4OC0zNDM2M2JjN2M0YzAiOnsiY3JlYXRlIjo2MDAwMDAwMDAwMH19",
          "dependencies": [
            "kind_cluster.this",
            "kubernetes_namespace.dev"
          ]
        }
      ]
    },
    {
      "mode": "managed",
      "type": "kubernetes_service",
      "name": "backend",
      "provider": "provider[\"registry.terraform.io/hashicorp/kubernetes\"]",
      "instances": [
        {
          "schema_version": 1,
          "attributes": {
            "id": "devops-dev/backend",
            "metadata": [
              {
                "annotations": {},
                "generate_name": "",
                "generation": 0,
                "labels": {},
                "name": "backend",
                "namespace": "devops-dev",
                "resource_version": "478",
                "uid": "ec5910d6-ee8a-4212-9a9c-d459b796abb8"
              }
            ],
            "spec": [
              {
                "allocate_load_balancer_node_ports": true,
                "cluster_ip": "10.96.136.28",
                "cluster_ips": [
                  "10.96.136.28"
                ],
                "external_ips": [],
                "external_name": "",
                "external_traffic_policy": "",
                "health_check_node_port": 0,
                "internal_traffic_policy": "Cluster",
                "ip_families": [
                  "IPv4"
                ],
                "ip_family_policy": "SingleStack",
                "load_balancer_class": "",
                "load_balancer_ip": "",
                "load_balancer_source_ranges": [],
                "port": [
                  {
                    "app_protocol": "",
                    "name": "",
                    "node_port": 0,
                    "port": 5000,
                    "protocol": "TCP",
                    "target_port": "5000"
                  }
                ],
                "publish_not_ready_addresses": false,
                "selector": {
                  "app": "backend"
                },
                "session_affinity": "None",
                "session_affinity_config": [],
                "type": "ClusterIP"
              }
            ],
            "status": [
              {
                "load_balancer": [
                  {
                    "ingress": []
                  }
                ]
              }
            ],
            "timeouts": null,
            "wait_for_load_balancer": true
          },
          "sensitive_attributes": [],
          "identity_schema_version": 0,
          "private": "eyJlMmJmYjczMC1lY2FhLTExZTYtOGY4OC0zNDM2M2JjN2M0YzAiOnsiY3JlYXRlIjo2MDAwMDAwMDAwMDB9LCJzY2hlbWFfdmVyc2lvbiI6IjEifQ==",
          "dependencies": [
            "kind_cluster.this",
            "kubernetes_deployment.backend",
            "kubernetes_namespace.dev"
          ]
        }
      ]
    },
    {
      "mode": "managed",
      "type": "kubernetes_service",
      "name": "frontend",
      "provider": "provider[\"registry.terraform.io/hashicorp/kubernetes\"]",
      "instances": [
        {
          "schema_version": 1,
          "attributes": {
            "id": "devops-dev/frontend",
            "metadata": [
              {
                "annotations": {},
                "generate_name": "",
                "generation": 0,
                "labels": {},
                "name": "frontend",
                "namespace": "devops-dev",
                "resource_version": "486",
                "uid": "f3c120c0-4692-4eeb-a75f-641fcfec929b"
              }
            ],
            "spec": [
              {
                "allocate_load_balancer_node_ports": true,
                "cluster_ip": "10.96.57.75",
                "cluster_ips": [
                  "10.96.57.75"
                ],
                "external_ips": [],
                "external_name": "",
                "external_traffic_policy": "",
                "health_check_node_port": 0,
                "internal_traffic_policy": "Cluster",
                "ip_families": [
                  "IPv4"
                ],
                "ip_family_policy": "SingleStack",
                "load_balancer_class": "",
                "load_balancer_ip": "",
                "load_balancer_source_ranges": [],
                "port": [
                  {
                    "app_protocol": "",
                    "name": "",
                    "node_port": 0,
                    "port": 80,
                    "protocol": "TCP",
                    "target_port": "80"
                  }
                ],
                "publish_not_ready_addresses": false,
                "selector": {
                  "app": "frontend"
                },
                "session_affinity": "None",
                "session_affinity_config": [],
                "type": "ClusterIP"
              }
            ],
            "status": [
              {
                "load_balancer": [
                  {
                    "ingress": []
                  }
                ]
              }
            ],
            "timeouts": null,
            "wait_for_load_balancer": true
          },
          "sensitive_attributes": [],
          "identity_schema_version": 0,
          "private": "eyJlMmJmYjczMC1lY2FhLTExZTYtOGY4OC0zNDM2M2JjN2M0YzAiOnsiY3JlYXRlIjo2MDAwMDAwMDAwMDB9LCJzY2hlbWFfdmVyc2lvbiI6IjEifQ==",
          "dependencies": [
            "kind_cluster.this",
            "kubernetes_deployment.frontend",
            "kubernetes_namespace.dev"
          ]
        }
      ]
    },
    {
      "mode": "managed",
      "type": "kubernetes_service",
      "name": "postgres",
      "provider": "provider[\"registry.terraform.io/hashicorp/kubernetes\"]",
      "instances": [
        {
          "schema_version": 1,
          "attributes": {
            "id": "devops-dev/postgres",
            "metadata": [
              {
                "annotations": {},
                "generate_name": "",
                "generation": 0,
                "labels": {},
                "name": "postgres",
                "namespace": "devops-dev",
                "resource_version": "482",
                "uid": "a8ebcf6b-d1b8-4905-a702-c66c71c38d01"
              }
            ],
            "spec": [
              {
                "allocate_load_balancer_node_ports": true,
                "cluster_ip": "10.96.106.112",
                "cluster_ips": [
                  "10.96.106.112"
                ],
                "external_ips": [],
                "external_name": "",
                "external_traffic_policy": "",
                "health_check_node_port": 0,
                "internal_traffic_policy": "Cluster",
                "ip_families": [
                  "IPv4"
                ],
                "ip_family_policy": "SingleStack",
                "load_balancer_class": "",
                "load_balancer_ip": "",
                "load_balancer_source_ranges": [],
                "port": [
                  {
                    "app_protocol": "",
                    "name": "",
                    "node_port": 0,
                    "port": 5432,
                    "protocol": "TCP",
                    "target_port": "5432"
                  }
                ],
                "publish_not_ready_addresses": false,
                "selector": {
                  "app": "postgres"
                },
                "session_affinity": "None",
                "session_affinity_config": [],
                "type": "ClusterIP"
              }
            ],
            "status": [
              {
                "load_balancer": [
                  {
                    "ingress": []
                  }
                ]
              }
            ],
            "timeouts": null,
            "wait_for_load_balancer": true
          },
          "sensitive_attributes": [],
          "identity_schema_version": 0,
          "private": "eyJlMmJmYjczMC1lY2FhLTExZTYtOGY4OC0zNDM2M2JjN2M0YzAiOnsiY3JlYXRlIjo2MDAwMDAwMDAwMDB9LCJzY2hlbWFfdmVyc2lvbiI6IjEifQ==",
          "dependencies": [
            "kind_cluster.this",
            "kubernetes_namespace.dev"
          ]
        }
      ]
    },
    {
      "mode": "managed",
      "type": "kubernetes_stateful_set",
      "name": "postgres",
      "provider": "provider[\"registry.terraform.io/hashicorp/kubernetes\"]",
      "instances": [
        {
          "schema_version": 1,
          "attributes": {
            "id": "devops-dev/postgres",
            "metadata": [
              {
                "annotations": {},
                "generate_name": "",
                "generation": 1,
                "labels": {},
                "name": "postgres",
                "namespace": "devops-dev",
                "resource_version": "641",
                "uid": "c8acbf86-5592-4b89-9bbd-72cb2131570a"
              }
            ],
            "spec": [
              {
                "persistent_volume_claim_retention_policy": [
                  {
                    "when_deleted": "Retain",
                    "when_scaled": "Retain"
                  }
                ],
                "pod_management_policy": "OrderedReady",
                "replicas": "1",
                "revision_history_limit": 0,
                "selector": [
                  {
                    "match_expressions": [],
                    "match_labels": {
                      "app": "postgres"
                    }
                  }
                ],
                "service_name": "postgres",
                "template": [
                  {
                    "metadata": [
                      {
                        "annotations": {},
                        "generate_name": "",
                        "generation": 0,
                        "labels": {
                          "app": "postgres"
                        },
                        "name": "",
                        "namespace": "",
                        "resource_version": "",
                        "uid": ""
                      }
                    ],
                    "spec": [
                      {
                        "active_deadline_seconds": 0,
                        "affinity": [],
                        "automount_service_account_token": true,
                        "container": [
                          {
                            "args": [],
                            "command": [],
                            "env": [],
                            "env_from": [
                              {
                                "config_map_ref": [],
                                "prefix": "",
                                "secret_ref": [
                                  {
                                    "name": "postgres-secret",
                                    "optional": false
                                  }
                                ]
                              }
                            ],
                            "image": "pgvector/pgvector:pg17-trixie",
                            "image_pull_policy": "IfNotPresent",
                            "lifecycle": [],
                            "liveness_probe": [],
                            "name": "postgres",
                            "port": [
                              {
                                "container_port": 5432,
                                "host_ip": "",
                                "host_port": 0,
                                "name": "",
                                "protocol": "TCP"
                              }
                            ],
                            "readiness_probe": [],
                            "resources": [
                              {
                                "limits": {},
                                "requests": {}
                              }
                            ],
                            "security_context": [],
                            "startup_probe": [],
                            "stdin": false,
                            "stdin_once": false,
                            "termination_message_path": "/dev/termination-log",
                            "termination_message_policy": "File",
                            "tty": false,
                            "volume_mount": [
                              {
                                "mount_path": "/var/lib/postgresql/data",
                                "mount_propagation": "None",
                                "name": "data",
                                "read_only": false,
                                "sub_path": ""
                              }
                            ],
                            "working_dir": ""
                          }
                        ],
                        "dns_config": [],
                        "dns_policy": "ClusterFirst",
                        "enable_service_links": true,
                        "host_aliases": [],
                        "host_ipc": false,
                        "host_network": false,
                        "host_pid": false,
                        "hostname": "",
                        "image_pull_secrets": [],
                        "init_container": [],
                        "node_name": "",
                        "node_selector": {},
                        "os": [],
                        "priority_class_name": "",
                        "readiness_gate": [],
                        "restart_policy": "Always",
                        "runtime_class_name": "",
                        "scheduler_name": "default-scheduler",
                        "security_context": [],
                        "service_account_name": "",
                        "share_process_namespace": false,
                        "subdomain": "",
                        "termination_grace_period_seconds": 30,
                        "toleration": [],
                        "topology_spread_constraint": [],
                        "volume": []
                      }
                    ]
                  }
                ],
                "update_strategy": [],
                "volume_claim_template": [
                  {
                    "metadata": [
                      {
                        "annotations": {},
                        "generate_name": "",
                        "generation": 0,
                        "labels": {},
                        "name": "data",
                        "namespace": "default",
                        "resource_version": "",
                        "uid": ""
                      }
                    ],
                    "spec": [
                      {
                        "access_modes": [
                          "ReadWriteOnce"
                        ],
                        "resources": [
                          {
                            "limits": {},
                            "requests": {
                              "storage": "5Gi"
                            }
                          }
                        ],
                        "selector": [],
                        "storage_class_name": "standard",
                        "volume_mode": "Filesystem",
                        "volume_name": ""
                      }
                    ]
                  }
                ]
              }
            ],
            "timeouts": null,
            "wait_for_rollout": true
          },
          "sensitive_attributes": [],
          "identity_schema_version": 0,
          "private": "eyJlMmJmYjczMC1lY2FhLTExZTYtOGY4OC0zNDM2M2JjN2M0YzAiOnsiY3JlYXRlIjo2MDAwMDAwMDAwMDAsImRlbGV0ZSI6NjAwMDAwMDAwMDAwLCJyZWFkIjo2MDAwMDAwMDAwMDAsInVwZGF0ZSI6NjAwMDAwMDAwMDAwfSwic2NoZW1hX3ZlcnNpb24iOiIxIn0=",
          "dependencies": [
            "kind_cluster.this",
            "kubernetes_namespace.dev",
            "kubernetes_secret.postgres"
          ]
        }
      ]
    }
  ],
  "check_results": null
}
