{
  "version": 4,
  "terraform_version": "1.14.2",
  "serial": 6,
  "lineage": "ba873201-8c63-ac1b-92d7-8c1239bcd7f9",
  "outputs": {
    "backend_host": {
      "value": "api.devops-test.local",
      "type": "string"
    },
    "frontend_host": {
      "value": "app.devops-test.local",
      "type": "string"
    },
    "namespace": {
      "value": "devops-dev",
      "type": "string"
    }
  },
  "resources": [
    {
      "mode": "managed",
      "type": "helm_release",
      "name": "nginx_ingress",
      "provider": "provider[\"registry.terraform.io/hashicorp/helm\"]",
      "instances": []
    },
    {
      "mode": "managed",
      "type": "kind_cluster",
      "name": "this",
      "provider": "provider[\"registry.terraform.io/tehcyx/kind\"]",
      "instances": [
        {
          "schema_version": 0,
          "attributes": {
            "client_certificate": "-----BEGIN CERTIFICATE-----\nMIIDKTCCAhGgAwIBAgIIFPjXxvcFLm0wDQYJKoZIhvcNAQELBQAwFTETMBEGA1UE\nAxMKa3ViZXJuZXRlczAeFw0yNTEyMTQxMzQxMjZaFw0yNjEyMTQxMzQ2MjdaMDwx\nHzAdBgNVBAoTFmt1YmVhZG06Y2x1c3Rlci1hZG1pbnMxGTAXBgNVBAMTEGt1YmVy\nbmV0ZXMtYWRtaW4wggEiMA0GCSqGSIb3DQEBAQUAA4IBDwAwggEKAoIBAQDZMs4Q\nBaLtXHc2ykyGgrJW89LUkJAnxcMgqqPtSClatnhZPYwW/F2Fou8X0RKyKwp0HEfu\nfiZMSwAEz6jJCJzwD2GiJfXSZtGstp98b57uCDBDe2/UYzervPwGI7sncnQzlvwV\nYqM0/jAMORx6j8mJm/PeqiRuHImqfTynzLp0kpLjIGaxkAFSxdtPAYKrV3Z/Wire\n409r+TbDXyKIeJohLkxbVpa1cwXYVRX8Dgexi+kT5UqbQscTy1bMVCoT7QgMTV97\n3WudgXxyyPSXgHwh2cZ723CVm/DOIaCEGUfDRr61wKeakrju4BIdSEiYSBARQCJl\n+f+nujIgQjng/wtfAgMBAAGjVjBUMA4GA1UdDwEB/wQEAwIFoDATBgNVHSUEDDAK\nBggrBgEFBQcDAjAMBgNVHRMBAf8EAjAAMB8GA1UdIwQYMBaAFHq3q5xkKJ+nOSaO\n6gMvlQO7FS31MA0GCSqGSIb3DQEBCwUAA4IBAQAqaZCOJkdoBNkyqV8O4RNQlb98\nxsiFDNXIg+675YOjZmaFnfqm1PXVFBcDABWe9Ujv3575UaY6+Vz0OO0OXa/7UXX0\nJkhOfrO9KZ2mSPXdZ1w+DgwC57sZUiJbS1ZSrY42QDo7TeiJwv1codekFKREmpTK\nkbQ1vLu/lZdCDffEobl/XRNx18lOfdJQo8zu7qIjQ8I26YvuHJIEZ/Ae92tjaXVv\nBRuNdHz01QUZkt7L0iA2DyD9Ra1yJv3nApIkE7ouFbqckt+Sw33y6MGK1ZSqg8nh\nH6y+ZBGertZX+PqBnPIRSwXIuQLEYFiCbYaGX1PKsYEy3DGkK+UmWizUeokc\n-----END CERTIFICATE-----\n",
            "client_key": "-----BEGIN RSA PRIVATE KEY-----\nMIIEowIBAAKCAQEA2TLOEAWi7Vx3NspMhoKyVvPS1JCQJ8XDIKqj7UgpWrZ4WT2M\nFvxdhaLvF9ESsisKdBxH7n4mTEsABM+oyQic8A9hoiX10mbRrLaffG+e7ggwQ3tv\n1GM3q7z8BiO7J3J0M5b8FWKjNP4wDDkceo/JiZvz3qokbhyJqn08p8y6dJKS4yBm\nsZABUsXbTwGCq1d2f1oq3uNPa/k2w18iiHiaIS5MW1aWtXMF2FUV/A4HsYvpE+VK\nm0LHE8tWzFQqE+0IDE1fe91rnYF8csj0l4B8IdnGe9twlZvwziGghBlHw0a+tcCn\nmpK47uASHUhImEgQEUAiZfn/p7oyIEI54P8LXwIDAQABAoIBAQCQfICiHe3FswZH\nN4pyzMzwlSDCcSzEmIV23K1SMvf3tX0X+J6Rx+468SnWkSm7xnAcz5d2awr1I8tu\nZ+ojWgx0kfbkFBaUkfuXxqEP+X0jYeUhbyL0idBF+eE6AFkHI9dzXlRxsX1aymGS\nMAfm7HIojctMa6jyax+Vf9xyz/mVg5Zh4jV4NqjfUT/n05fEi+tE/ZhvMfbvTT3h\ncYDmSBk6TjKKkrue6OxFEx4JfB1VMSjxnMK86L9YS7W1omB2nEYhWMUMbhXWXdwA\nPCCxSBGxIX1qCgFrBC9XmhHFWqg5sbRsWzgbuNC3XDg6b5/LxI7GHaFdTSMjw8c2\nwUbspMppAoGBAOzjMULwo4fBRDswvjiQHN0wNNjNkdHVkM2dWOZg3C7FzMBmUcms\nDwT3i59i/ECfa4ELAyaw+kZyGvum9NR7RHMKTsWAeTjq2zWGz8PeKSr/lqSNZ+zB\nb2tfaHlUAkAn+EGI0ZYwpaaMvgDLlsrTfY3kZN0CkY1yWhivsUydEVmlAoGBAOq4\n8cqt51efaRLPGBeBv9W1bijoCr0P2EtHmpaPjPecwEkutw4Tn02nbWbnjZ/Qnzdt\njFTLmu/+PhHqKjXLOTpIRVIzsmY3PwExD+pOFE5ldb1jehzDk4HqnQexq4E5hu35\nwANkUZvnWEYvuZHaugRPxNNZbDadUMSOrjfSd1mzAoGAPRqplVPPSvBOclozZxG9\ncEzEBPyZ1Z+aN3+T8/EeOq5pD2QVSskoIqbcDCQTX3P/3gyCJpPWKx+52BoL41dc\no7QP96AZJNZn7xm0NBj1U5MUP6P+H7MR04eLwmgqIHRu9DCfp3cq85gwVrItVmpR\nY617WwsTkoHhvaZsPI/zbsUCgYBwnD5UsM42uaIdhgHW9Ubl7t9k/L56KinpI/dE\nmKZW/Xs7IRBtzng1N0hDgH/v1pUscIBNBknVLjL1QVTy7gcMsTOg1nCWnZa6qaEr\nFj6jxgWQ0TL6rdINGFQyJslTfBgCADpg5jZJB9rQAYGUOk3YV7TkeRhzs1HWm2V2\nHqFoBQKBgGfFsh0uRSIHIMDonyIJCjoHnTb52DpzDzl9cijIWjuqrjfB/Q1C0u7b\nU2p3O7cRva4sJSTJIiKtM/U6gM7lWgVF9kgYgwM0Udyiox+mw6zc5p7FIyrt8SNB\nuNyJTwOjizyxtSltwCU2aLxxKObhaHSAW0TwAV90K82NUdv/kOn7\n-----END RSA PRIVATE KEY-----\n",
            "cluster_ca_certificate": "-----BEGIN CERTIFICATE-----\nMIIDBTCCAe2gAwIBAgIIGqhbvGHWcdEwDQYJKoZIhvcNAQELBQAwFTETMBEGA1UE\nAxMKa3ViZXJuZXRlczAeFw0yNTEyMTQxMzQxMjZaFw0zNTEyMTIxMzQ2MjZaMBUx\nEzARBgNVBAMTCmt1YmVybmV0ZXMwggEiMA0GCSqGSIb3DQEBAQUAA4IBDwAwggEK\nAoIBAQC6zU8UAYFoIIfEynH0NQnTJ0M1vAOll4iJl7pYgLI46KwwSyNlZlkusRBF\ny+NaBj5QizfDnIKJLF977IXGsysazNu99DXshK449Q2JTe4OBldhfSvnfummr2JZ\nAFgk7Naj+RfurMu3GTHyL4WCPssvupxDjKRSKIl8WQkWLkcXdx1hHWlWbIe3Irwz\nykBhfruSY+qr3JdFOzX74DK97LRTKO9ZlFSPCsOj8OKInop0FHwaBvgAPtvyZc2T\nk3DaPZCQvoUkcLPxFRVbKxu/YPbIEVD64h+u5PJ65hZgkJThnVYYb1Lt1PeGKqdi\nymlZxD5PwOKjb0gSrcq2e+d+wQsPAgMBAAGjWTBXMA4GA1UdDwEB/wQEAwICpDAP\nBgNVHRMBAf8EBTADAQH/MB0GA1UdDgQWBBR6t6ucZCifpzkmjuoDL5UDuxUt9TAV\nBgNVHREEDjAMggprdWJlcm5ldGVzMA0GCSqGSIb3DQEBCwUAA4IBAQAWgMBEt8HH\nDqE9QzXWftFehMoIXJnWPIAvjxDInvCfcO1gQjnVzvEEIGhtABtd+aboutUN7R29\nIPPl0/Ko12axBqL/d6scH6c0KK6F7hJ7i8p3WyO23GO3BVt3iXYIfEC6OjIImeRw\nBUsYfAxOb7e0+zrvMlVB6YwjuxHE+rLeAQLLFd9DR0uqhefpgLZY/Lc3Pmpph2Sn\n24aA8NS4ipXKk7UolyKKEyAG+YX1MyrC7DxU+ObRI5jc7q+FNEpZHDEnqxRTkd92\njrI1HPnp9hUTpCnk5yU/96vDPiFwqPdxVFEwVUKpV5txJpiQHD0h9dcFT577UYM0\nMIMGgN8zSE0v\n-----END CERTIFICATE-----\n",
            "completed": true,
            "endpoint": "https://127.0.0.1:33053",
            "id": "kind-cluster-1-kindest/node:v1.29.8",
            "kind_config": [
              {
                "api_version": "kind.x-k8s.io/v1alpha4",
                "containerd_config_patches": null,
                "feature_gates": null,
                "kind": "Cluster",
                "networking": [],
                "node": [
                  {
                    "extra_mounts": [],
                    "extra_port_mappings": [],
                    "image": "",
                    "kubeadm_config_patches": [
                      "kind: InitConfiguration\nnodeRegistration:\n  kubeletExtraArgs:\n    node-labels: \"ingress-ready=true\"\n"
                    ],
                    "labels": null,
                    "role": "control-plane"
                  }
                ],
                "runtime_config": null
              }
            ],
            "kubeconfig": "apiVersion: v1\nclusters:\n- cluster:\n    certificate-authority-data: LS0tLS1CRUdJTiBDRVJUSUZJQ0FURS0tLS0tCk1JSURCVENDQWUyZ0F3SUJBZ0lJR3FoYnZHSFdjZEV3RFFZSktvWklodmNOQVFFTEJRQXdGVEVUTUJFR0ExVUUKQXhNS2EzVmlaWEp1WlhSbGN6QWVGdzB5TlRFeU1UUXhNelF4TWpaYUZ3MHpOVEV5TVRJeE16UTJNalphTUJVeApFekFSQmdOVkJBTVRDbXQxWW1WeWJtVjBaWE13Z2dFaU1BMEdDU3FHU0liM0RRRUJBUVVBQTRJQkR3QXdnZ0VLCkFvSUJBUUM2elU4VUFZRm9JSWZFeW5IME5RblRKME0xdkFPbGw0aUpsN3BZZ0xJNDZLd3dTeU5sWmxrdXNSQkYKeStOYUJqNVFpemZEbklLSkxGOTc3SVhHc3lzYXpOdTk5RFhzaEs0NDlRMkpUZTRPQmxkaGZTdm5mdW1tcjJKWgpBRmdrN05haitSZnVyTXUzR1RIeUw0V0NQc3N2dXB4RGpLUlNLSWw4V1FrV0xrY1hkeDFoSFdsV2JJZTNJcnd6CnlrQmhmcnVTWStxcjNKZEZPelg3NERLOTdMUlRLTzlabEZTUENzT2o4T0tJbm9wMEZId2FCdmdBUHR2eVpjMlQKazNEYVBaQ1F2b1VrY0xQeEZSVmJLeHUvWVBiSUVWRDY0aCt1NVBKNjVoWmdrSlRoblZZWWIxTHQxUGVHS3FkaQp5bWxaeEQ1UHdPS2piMGdTcmNxMmUrZCt3UXNQQWdNQkFBR2pXVEJYTUE0R0ExVWREd0VCL3dRRUF3SUNwREFQCkJnTlZIUk1CQWY4RUJUQURBUUgvTUIwR0ExVWREZ1FXQkJSNnQ2dWNaQ2lmcHprbWp1b0RMNVVEdXhVdDlUQVYKQmdOVkhSRUVEakFNZ2dwcmRXSmxjbTVsZEdWek1BMEdDU3FHU0liM0RRRUJDd1VBQTRJQkFRQVdnTUJFdDhISApEcUU5UXpYV2Z0RmVoTW9JWEpuV1BJQXZqeERJbnZDZmNPMWdRam5WenZFRUlHaHRBQnRkK2Fib3V0VU43UjI5CklQUGwwL0tvMTJheEJxTC9kNnNjSDZjMEtLNkY3aEo3aThwM1d5TzIzR08zQlZ0M2lYWUlmRUM2T2pJSW1lUncKQlVzWWZBeE9iN2UwK3pydk1sVkI2WXdqdXhIRStyTGVBUUxMRmQ5RFIwdXFoZWZwZ0xaWS9MYzNQbXBwaDJTbgoyNGFBOE5TNGlwWEtrN1VvbHlLS0V5QUcrWVgxTXlyQzdEeFUrT2JSSTVqYzdxK0ZORXBaSERFbnF4UlRrZDkyCmpySTFIUG5wOWhVVHBDbms1eVUvOTZ2RFBpRndxUGR4VkZFd1ZVS3BWNXR4SnBpUUhEMGg5ZGNGVDU3N1VZTTAKTUlNR2dOOHpTRTB2Ci0tLS0tRU5EIENFUlRJRklDQVRFLS0tLS0K\n    server: https://127.0.0.1:33053\n  name: kind-kind-cluster-1\ncontexts:\n- context:\n    cluster: kind-kind-cluster-1\n    user: kind-kind-cluster-1\n  name: kind-kind-cluster-1\ncurrent-context: kind-kind-cluster-1\nkind: Config\npreferences: {}\nusers:\n- name: kind-kind-cluster-1\n  user:\n    client-certificate-data: LS0tLS1CRUdJTiBDRVJUSUZJQ0FURS0tLS0tCk1JSURLVENDQWhHZ0F3SUJBZ0lJRlBqWHh2Y0ZMbTB3RFFZSktvWklodmNOQVFFTEJRQXdGVEVUTUJFR0ExVUUKQXhNS2EzVmlaWEp1WlhSbGN6QWVGdzB5TlRFeU1UUXhNelF4TWpaYUZ3MHlOakV5TVRReE16UTJNamRhTUR3eApIekFkQmdOVkJBb1RGbXQxWW1WaFpHMDZZMngxYzNSbGNpMWhaRzFwYm5NeEdUQVhCZ05WQkFNVEVHdDFZbVZ5CmJtVjBaWE10WVdSdGFXNHdnZ0VpTUEwR0NTcUdTSWIzRFFFQkFRVUFBNElCRHdBd2dnRUtBb0lCQVFEWk1zNFEKQmFMdFhIYzJ5a3lHZ3JKVzg5TFVrSkFueGNNZ3FxUHRTQ2xhdG5oWlBZd1cvRjJGb3U4WDBSS3lLd3AwSEVmdQpmaVpNU3dBRXo2akpDSnp3RDJHaUpmWFNadEdzdHA5OGI1N3VDREJEZTIvVVl6ZXJ2UHdHSTdzbmNuUXpsdndWCllxTTAvakFNT1J4Nmo4bUptL1BlcWlSdUhJbXFmVHluekxwMGtwTGpJR2F4a0FGU3hkdFBBWUtyVjNaL1dpcmUKNDA5citUYkRYeUtJZUpvaExreGJWcGExY3dYWVZSWDhEZ2V4aStrVDVVcWJRc2NUeTFiTVZDb1Q3UWdNVFY5NwozV3VkZ1h4eXlQU1hnSHdoMmNaNzIzQ1ZtL0RPSWFDRUdVZkRScjYxd0tlYWtyanU0QklkU0VpWVNCQVJRQ0psCitmK251aklnUWpuZy93dGZBZ01CQUFHalZqQlVNQTRHQTFVZER3RUIvd1FFQXdJRm9EQVRCZ05WSFNVRUREQUsKQmdnckJnRUZCUWNEQWpBTUJnTlZIUk1CQWY4RUFqQUFNQjhHQTFVZEl3UVlNQmFBRkhxM3E1eGtLSituT1NhTwo2Z012bFFPN0ZTMzFNQTBHQ1NxR1NJYjNEUUVCQ3dVQUE0SUJBUUFxYVpDT0prZG9CTmt5cVY4TzRSTlFsYjk4CnhzaUZETlhJZys2NzVZT2pabWFGbmZxbTFQWFZGQmNEQUJXZTlVanYzNTc1VWFZNitWejBPTzBPWGEvN1VYWDAKSmtoT2ZyTzlLWjJtU1BYZFoxdytEZ3dDNTdzWlVpSmJTMVpTclk0MlFEbzdUZWlKd3YxY29kZWtGS1JFbXBUSwprYlExdkx1L2xaZENEZmZFb2JsL1hSTngxOGxPZmRKUW84enU3cUlqUThJMjZZdnVISklFWi9BZTkydGphWFZ2CkJSdU5kSHowMVFVWmt0N0wwaUEyRHlEOVJhMXlKdjNuQXBJa0U3b3VGYnFja3QrU3czM3k2TUdLMVpTcWc4bmgKSDZ5K1pCR2VydFpYK1BxQm5QSVJTd1hJdVFMRVlGaUNiWWFHWDFQS3NZRXkzREdrSytVbVdpelVlb2tjCi0tLS0tRU5EIENFUlRJRklDQVRFLS0tLS0K\n    client-key-data: LS0tLS1CRUdJTiBSU0EgUFJJVkFURSBLRVktLS0tLQpNSUlFb3dJQkFBS0NBUUVBMlRMT0VBV2k3VngzTnNwTWhvS3lWdlBTMUpDUUo4WERJS3FqN1VncFdyWjRXVDJNCkZ2eGRoYUx2RjlFU3Npc0tkQnhIN240bVRFc0FCTStveVFpYzhBOWhvaVgxMG1iUnJMYWZmRytlN2dnd1EzdHYKMUdNM3E3ejhCaU83SjNKME01YjhGV0tqTlA0d0REa2Nlby9KaVp2ejNxb2tiaHlKcW4wOHA4eTZkSktTNHlCbQpzWkFCVXNYYlR3R0NxMWQyZjFvcTN1TlBhL2sydzE4aWlIaWFJUzVNVzFhV3RYTUYyRlVWL0E0SHNZdnBFK1ZLCm0wTEhFOHRXekZRcUUrMElERTFmZTkxcm5ZRjhjc2owbDRCOElkbkdlOXR3bFp2d3ppR2doQmxIdzBhK3RjQ24KbXBLNDd1QVNIVWhJbUVnUUVVQWlaZm4vcDdveUlFSTU0UDhMWHdJREFRQUJBb0lCQVFDUWZJQ2lIZTNGc3daSApONHB5ek16d2xTRENjU3pFbUlWMjNLMVNNdmYzdFgwWCtKNlJ4KzQ2OFNuV2tTbTd4bkFjejVkMmF3cjFJOHR1Clorb2pXZ3gwa2Zia0ZCYVVrZnVYeHFFUCtYMGpZZVVoYnlMMGlkQkYrZUU2QUZrSEk5ZHpYbFJ4c1gxYXltR1MKTUFmbTdISW9qY3RNYTZqeWF4K1ZmOXh5ei9tVmc1Wmg0alY0TnFqZlVUL24wNWZFaSt0RS9aaHZNZmJ2VFQzaApjWURtU0JrNlRqS0trcnVlNk94RkV4NEpmQjFWTVNqeG5NSzg2TDlZUzdXMW9tQjJuRVloV01VTWJoWFdYZHdBClBDQ3hTQkd4SVgxcUNnRnJCQzlYbWhIRldxZzVzYlJzV3pnYnVOQzNYRGc2YjUvTHhJN0dIYUZkVFNNanc4YzIKd1Vic3BNcHBBb0dCQU96ak1VTHdvNGZCUkRzd3ZqaVFITjB3Tk5qTmtkSFZrTTJkV09aZzNDN0Z6TUJtVWNtcwpEd1QzaTU5aS9FQ2ZhNEVMQXlhdytrWnlHdnVtOU5SN1JITUtUc1dBZVRqcTJ6V0d6OFBlS1NyL2xxU05aK3pCCmIydGZhSGxVQWtBbitFR0kwWll3cGFhTXZnRExsc3JUZlkza1pOMENrWTF5V2hpdnNVeWRFVm1sQW9HQkFPcTQKOGNxdDUxZWZhUkxQR0JlQnY5VzFiaWpvQ3IwUDJFdEhtcGFQalBlY3dFa3V0dzRUbjAybmJXYm5qWi9RbnpkdApqRlRMbXUvK1BoSHFLalhMT1RwSVJWSXpzbVkzUHdFeEQrcE9GRTVsZGIxamVoekRrNEhxblFleHE0RTVodTM1CndBTmtVWnZuV0VZdnVaSGF1Z1JQeE5OWmJEYWRVTVNPcmpmU2QxbXpBb0dBUFJxcGxWUFBTdkJPY2xvelp4RzkKY0V6RUJQeVoxWithTjMrVDgvRWVPcTVwRDJRVlNza29JcWJjRENRVFgzUC8zZ3lDSnBQV0t4KzUyQm9MNDFkYwpvN1FQOTZBWkpOWm43eG0wTkJqMVU1TVVQNlArSDdNUjA0ZUx3bWdxSUhSdTlEQ2ZwM2NxODVnd1ZySXRWbXBSClk2MTdXd3NUa29IaHZhWnNQSS96YnNVQ2dZQnduRDVVc000MnVhSWRoZ0hXOVVibDd0OWsvTDU2S2lucEkvZEUKbUtaVy9YczdJUkJ0em5nMU4waERnSC92MXBVc2NJQk5Ca25WTGpMMVFWVHk3Z2NNc1RPZzFuQ1duWmE2cWFFcgpGajZqeGdXUTBUTDZyZElOR0ZReUpzbFRmQmdDQURwZzVqWkpCOXJRQVlHVU9rM1lWN1RrZVJoenMxSFdtMlYyCkhxRm9CUUtCZ0dmRnNoMHVSU0lISU1Eb255SUpDam9IblRiNTJEcHpEemw5Y2lqSVdqdXFyamZCL1ExQzB1N2IKVTJwM083Y1J2YTRzSlNUSklpS3RNL1U2Z003bFdnVkY5a2dZZ3dNMFVkeWlveCttdzZ6YzVwN0ZJeXJ0OFNOQgp1TnlKVHdPaml6eXh0U2x0d0NVMmFMeHhLT2JoYUhTQVcwVHdBVjkwSzgyTlVkdi9rT243Ci0tLS0tRU5EIFJTQSBQUklWQVRFIEtFWS0tLS0tCg==\n",
            "kubeconfig_path": "/home/tanzim/projects/devops/devops-test/infra/terraform/kind-cluster-1-config",
            "name": "kind-cluster-1",
            "node_image": "kindest/node:v1.29.8",
            "timeouts": null,
            "wait_for_ready": true
          },
          "sensitive_attributes": [],
          "identity_schema_version": 0,
          "private": "eyJlMmJmYjczMC1lY2FhLTExZTYtOGY4OC0zNDM2M2JjN2M0YzAiOnsiY3JlYXRlIjozMDAwMDAwMDAwMDAsImRlbGV0ZSI6MzAwMDAwMDAwMDAwLCJ1cGRhdGUiOjMwMDAwMDAwMDAwMH19"
        }
      ]
    },
    {
      "mode": "managed",
      "type": "kubernetes_deployment",
      "name": "backend",
      "provider": "provider[\"registry.terraform.io/hashicorp/kubernetes\"]",
      "instances": []
    },
    {
      "mode": "managed",
      "type": "kubernetes_deployment",
      "name": "frontend",
      "provider": "provider[\"registry.terraform.io/hashicorp/kubernetes\"]",
      "instances": []
    },
    {
      "mode": "managed",
      "type": "kubernetes_namespace",
      "name": "dev",
      "provider": "provider[\"registry.terraform.io/hashicorp/kubernetes\"]",
      "instances": [
        {
          "schema_version": 0,
          "attributes": {
            "id": "devops-dev",
            "metadata": [
              {
                "annotations": null,
                "generate_name": "",
                "generation": 0,
                "labels": null,
                "name": "devops-dev",
                "resource_version": "463",
                "uid": "1923f92c-a8ce-4411-966f-f082a46b6226"
              }
            ],
            "timeouts": null,
            "wait_for_default_service_account": false
          },
          "sensitive_attributes": [],
          "identity_schema_version": 0,
          "private": "eyJlMmJmYjczMC1lY2FhLTExZTYtOGY4OC0zNDM2M2JjN2M0YzAiOnsiZGVsZXRlIjozMDAwMDAwMDAwMDB9fQ==",
          "dependencies": [
            "kind_cluster.this"
          ]
        }
      ]
    },
    {
      "mode": "managed",
      "type": "kubernetes_secret",
      "name": "backend",
      "provider": "provider[\"registry.terraform.io/hashicorp/kubernetes\"]",
      "instances": [
        {
          "schema_version": 0,
          "attributes": {
            "binary_data": null,
            "data": {},
            "id": "devops-dev/backend-secrets",
            "immutable": false,
            "metadata": [
              {
                "annotations": null,
                "generate_name": "",
                "generation": 0,
                "labels": null,
                "name": "backend-secrets",
                "namespace": "devops-dev",
                "resource_version": "467",
                "uid": "db9093e1-4a90-4b45-b15c-4829e3e04b58"
              }
            ],
            "timeouts": null,
            "type": "Opaque",
            "wait_for_service_account_token": true
          },
          "sensitive_attributes": [
            [
              {
                "type": "get_attr",
                "value": "binary_data"
              }
            ],
            [
              {
                "type": "get_attr",
                "value": "data"
              }
            ]
          ],
          "identity_schema_version": 0,
          "private": "eyJlMmJmYjczMC1lY2FhLTExZTYtOGY4OC0zNDM2M2JjN2M0YzAiOnsiY3JlYXRlIjo2MDAwMDAwMDAwMH19",
          "dependencies": [
            "kind_cluster.this",
            "kubernetes_namespace.dev"
          ]
        }
      ]
    },
    {
      "mode": "managed",
      "type": "kubernetes_secret",
      "name": "postgres",
      "provider": "provider[\"registry.terraform.io/hashicorp/kubernetes\"]",
      "instances": [
        {
          "schema_version": 0,
          "attributes": {
            "binary_data": null,
            "data": {
              "POSTGRES_DB": "c2FtcGxlZGI=",
              "POSTGRES_PASSWORD": "cG9zdGdyZXMtcGFzcw==",
              "POSTGRES_USER": "cG9zdGdyZXM="
            },
            "id": "devops-dev/postgres-secret",
            "immutable": false,
            "metadata": [
              {
                "annotations": null,
                "generate_name": "",
                "generation": 0,
                "labels": null,
                "name": "postgres-secret",
                "namespace": "devops-dev",
                "resource_version": "466",
                "uid": "fd116508-e28c-4ff0-a9e9-eaf02c677048"
              }
            ],
            "timeouts": null,
            "type": "Opaque",
            "wait_for_service_account_token": true
          },
          "sensitive_attributes": [
            [
              {
                "type": "get_attr",
                "value": "binary_data"
              }
            ],
            [
              {
                "type": "get_attr",
                "value": "data"
              }
            ],
            [
              {
                "type": "get_attr",
                "value": "data"
              },
              {
                "type": "index",
                "value": {
                  "value": "POSTGRES_PASSWORD",
                  "type": "string"
                }
              }
            ]
          ],
          "identity_schema_version": 0,
          "private": "eyJlMmJmYjczMC1lY2FhLTExZTYtOGY4OC0zNDM2M2JjN2M0YzAiOnsiY3JlYXRlIjo2MDAwMDAwMDAwMH19",
          "dependencies": [
            "kind_cluster.this",
            "kubernetes_namespace.dev"
          ]
        }
      ]
    },
    {
      "mode": "managed",
      "type": "kubernetes_service",
      "name": "postgres",
      "provider": "provider[\"registry.terraform.io/hashicorp/kubernetes\"]",
      "instances": [
        {
          "schema_version": 1,
          "attributes": {
            "id": "devops-dev/postgres",
            "metadata": [
              {
                "annotations": null,
                "generate_name": "",
                "generation": 0,
                "labels": null,
                "name": "postgres",
                "namespace": "devops-dev",
                "resource_version": "469",
                "uid": "8c2a81e7-c237-4d60-84ff-e0e06054980a"
              }
            ],
            "spec": [
              {
                "allocate_load_balancer_node_ports": true,
                "cluster_ip": "10.96.180.53",
                "cluster_ips": [
                  "10.96.180.53"
                ],
                "external_ips": null,
                "external_name": "",
                "external_traffic_policy": "",
                "health_check_node_port": 0,
                "internal_traffic_policy": "Cluster",
                "ip_families": [
                  "IPv4"
                ],
                "ip_family_policy": "SingleStack",
                "load_balancer_class": "",
                "load_balancer_ip": "",
                "load_balancer_source_ranges": null,
                "port": [
                  {
                    "app_protocol": "",
                    "name": "",
                    "node_port": 0,
                    "port": 5432,
                    "protocol": "TCP",
                    "target_port": "5432"
                  }
                ],
                "publish_not_ready_addresses": false,
                "selector": {
                  "app": "postgres"
                },
                "session_affinity": "None",
                "session_affinity_config": [],
                "type": "ClusterIP"
              }
            ],
            "status": [
              {
                "load_balancer": [
                  {
                    "ingress": []
                  }
                ]
              }
            ],
            "timeouts": null,
            "wait_for_load_balancer": true
          },
          "sensitive_attributes": [],
          "identity_schema_version": 0,
          "private": "eyJlMmJmYjczMC1lY2FhLTExZTYtOGY4OC0zNDM2M2JjN2M0YzAiOnsiY3JlYXRlIjo2MDAwMDAwMDAwMDB9LCJzY2hlbWFfdmVyc2lvbiI6IjEifQ==",
          "dependencies": [
            "kind_cluster.this",
            "kubernetes_namespace.dev"
          ]
        }
      ]
    },
    {
      "mode": "managed",
      "type": "kubernetes_stateful_set",
      "name": "postgres",
      "provider": "provider[\"registry.terraform.io/hashicorp/kubernetes\"]",
      "instances": [
        {
          "schema_version": 1,
          "attributes": {
            "id": "devops-dev/postgres",
            "metadata": [
              {
                "annotations": null,
                "generate_name": "",
                "generation": 1,
                "labels": null,
                "name": "postgres",
                "namespace": "devops-dev",
                "resource_version": "669",
                "uid": "6a6eddd7-6a1a-4a0e-91e7-a600e643a5a1"
              }
            ],
            "spec": [
              {
                "persistent_volume_claim_retention_policy": [
                  {
                    "when_deleted": "Retain",
                    "when_scaled": "Retain"
                  }
                ],
                "pod_management_policy": "OrderedReady",
                "replicas": "1",
                "revision_history_limit": 0,
                "selector": [
                  {
                    "match_expressions": [],
                    "match_labels": {
                      "app": "postgres"
                    }
                  }
                ],
                "service_name": "postgres",
                "template": [
                  {
                    "metadata": [
                      {
                        "annotations": null,
                        "generate_name": "",
                        "generation": 0,
                        "labels": {
                          "app": "postgres"
                        },
                        "name": "",
                        "namespace": "",
                        "resource_version": "",
                        "uid": ""
                      }
                    ],
                    "spec": [
                      {
                        "active_deadline_seconds": 0,
                        "affinity": [],
                        "automount_service_account_token": true,
                        "container": [
                          {
                            "args": null,
                            "command": null,
                            "env": [],
                            "env_from": [
                              {
                                "config_map_ref": [],
                                "prefix": "",
                                "secret_ref": [
                                  {
                                    "name": "postgres-secret",
                                    "optional": false
                                  }
                                ]
                              }
                            ],
                            "image": "pgvector/pgvector:pg17-trixie",
                            "image_pull_policy": "IfNotPresent",
                            "lifecycle": [],
                            "liveness_probe": [],
                            "name": "postgres",
                            "port": [
                              {
                                "container_port": 5432,
                                "host_ip": "",
                                "host_port": 0,
                                "name": "",
                                "protocol": "TCP"
                              }
                            ],
                            "readiness_probe": [],
                            "resources": [
                              {
                                "limits": {},
                                "requests": {}
                              }
                            ],
                            "security_context": [],
                            "startup_probe": [],
                            "stdin": false,
                            "stdin_once": false,
                            "termination_message_path": "/dev/termination-log",
                            "termination_message_policy": "File",
                            "tty": false,
                            "volume_mount": [
                              {
                                "mount_path": "/var/lib/postgresql/data",
                                "mount_propagation": "None",
                                "name": "data",
                                "read_only": false,
                                "sub_path": ""
                              }
                            ],
                            "working_dir": ""
                          }
                        ],
                        "dns_config": [],
                        "dns_policy": "ClusterFirst",
                        "enable_service_links": true,
                        "host_aliases": [],
                        "host_ipc": false,
                        "host_network": false,
                        "host_pid": false,
                        "hostname": "",
                        "image_pull_secrets": [],
                        "init_container": [],
                        "node_name": "",
                        "node_selector": null,
                        "os": [],
                        "priority_class_name": "",
                        "readiness_gate": [],
                        "restart_policy": "Always",
                        "runtime_class_name": "",
                        "scheduler_name": "default-scheduler",
                        "security_context": [],
                        "service_account_name": "",
                        "share_process_namespace": false,
                        "subdomain": "",
                        "termination_grace_period_seconds": 30,
                        "toleration": [],
                        "topology_spread_constraint": [],
                        "volume": []
                      }
                    ]
                  }
                ],
                "update_strategy": [],
                "volume_claim_template": [
                  {
                    "metadata": [
                      {
                        "annotations": null,
                        "generate_name": "",
                        "generation": 0,
                        "labels": null,
                        "name": "data",
                        "namespace": "default",
                        "resource_version": "",
                        "uid": ""
                      }
                    ],
                    "spec": [
                      {
                        "access_modes": [
                          "ReadWriteOnce"
                        ],
                        "resources": [
                          {
                            "limits": null,
                            "requests": {
                              "storage": "5Gi"
                            }
                          }
                        ],
                        "selector": [],
                        "storage_class_name": "standard",
                        "volume_mode": "Filesystem",
                        "volume_name": ""
                      }
                    ]
                  }
                ]
              }
            ],
            "timeouts": null,
            "wait_for_rollout": true
          },
          "sensitive_attributes": [],
          "identity_schema_version": 0,
          "private": "eyJlMmJmYjczMC1lY2FhLTExZTYtOGY4OC0zNDM2M2JjN2M0YzAiOnsiY3JlYXRlIjo2MDAwMDAwMDAwMDAsImRlbGV0ZSI6NjAwMDAwMDAwMDAwLCJyZWFkIjo2MDAwMDAwMDAwMDAsInVwZGF0ZSI6NjAwMDAwMDAwMDAwfSwic2NoZW1hX3ZlcnNpb24iOiIxIn0=",
          "dependencies": [
            "kind_cluster.this",
            "kubernetes_namespace.dev",
            "kubernetes_secret.postgres"
          ]
        }
      ]
    }
  ],
  "check_results": null
}
