{
  "version": 4,
  "terraform_version": "1.14.2",
  "serial": 18,
  "lineage": "8337128f-44c0-5624-856e-b242102af952",
  "outputs": {
    "namespace": {
      "value": "devops-dev",
      "type": "string"
    }
  },
  "resources": [
    {
      "mode": "managed",
      "type": "helm_release",
      "name": "nginx_ingress",
      "provider": "provider[\"registry.terraform.io/hashicorp/helm\"]",
      "instances": [
        {
          "schema_version": 1,
          "attributes": {
            "atomic": false,
            "chart": "ingress-nginx",
            "cleanup_on_fail": false,
            "create_namespace": true,
            "dependency_update": false,
            "description": null,
            "devel": null,
            "disable_crd_hooks": false,
            "disable_openapi_validation": false,
            "disable_webhooks": false,
            "force_update": false,
            "id": "ingress-nginx",
            "keyring": null,
            "lint": false,
            "manifest": null,
            "max_history": 0,
            "metadata": [
              {
                "app_version": "1.14.1",
                "chart": "ingress-nginx",
                "first_deployed": 1765690682,
                "last_deployed": 1765690682,
                "name": "ingress-nginx",
                "namespace": "ingress-nginx",
                "notes": "The ingress-nginx controller has been installed.\nGet the application URL by running these commands:\n  export HTTP_NODE_PORT=$(kubectl get service --namespace ingress-nginx ingress-nginx-controller --output jsonpath=\"{.spec.ports[0].nodePort}\")\n  export HTTPS_NODE_PORT=$(kubectl get service --namespace ingress-nginx ingress-nginx-controller --output jsonpath=\"{.spec.ports[1].nodePort}\")\n  export NODE_IP=\"$(kubectl get nodes --output jsonpath=\"{.items[0].status.addresses[1].address}\")\"\n\n  echo \"Visit http://${NODE_IP}:${HTTP_NODE_PORT} to access your application via HTTP.\"\n  echo \"Visit https://${NODE_IP}:${HTTPS_NODE_PORT} to access your application via HTTPS.\"\n\nAn example Ingress that makes use of the controller:\n  apiVersion: networking.k8s.io/v1\n  kind: Ingress\n  metadata:\n    name: example\n    namespace: foo\n  spec:\n    ingressClassName: nginx\n    rules:\n      - host: www.example.com\n        http:\n          paths:\n            - pathType: Prefix\n              backend:\n                service:\n                  name: exampleService\n                  port:\n                    number: 80\n              path: /\n    # This section is only required if TLS is to be enabled for the Ingress\n    tls:\n      - hosts:\n        - www.example.com\n        secretName: example-tls\n\nIf TLS is enabled for the Ingress, a Secret containing the certificate and key must also be provided:\n\n  apiVersion: v1\n  kind: Secret\n  metadata:\n    name: example-tls\n    namespace: foo\n  data:\n    tls.crt: \u003cbase64 encoded cert\u003e\n    tls.key: \u003cbase64 encoded key\u003e\n  type: kubernetes.io/tls\n",
                "revision": 1,
                "values": "{\"controller\":{\"nodeSelector\":{\"ingress-ready\":\"true\"},\"service\":{\"type\":\"NodePort\"},\"tolerations\":[{\"effect\":\"NoSchedule\",\"key\":\"node-role.kubernetes.io/control-plane\",\"operator\":\"Exists\"}],\"watchIngressWithoutClass\":\"true\"}}",
                "version": "4.14.1"
              }
            ],
            "name": "ingress-nginx",
            "namespace": "ingress-nginx",
            "pass_credentials": false,
            "postrender": [],
            "recreate_pods": false,
            "render_subchart_notes": true,
            "replace": false,
            "repository": "https://kubernetes.github.io/ingress-nginx",
            "repository_ca_file": null,
            "repository_cert_file": null,
            "repository_key_file": null,
            "repository_password": null,
            "repository_username": null,
            "reset_values": false,
            "reuse_values": false,
            "set": [
              {
                "name": "controller.nodeSelector.ingress-ready",
                "type": "string",
                "value": "true"
              },
              {
                "name": "controller.service.type",
                "type": "",
                "value": "NodePort"
              },
              {
                "name": "controller.tolerations[0].effect",
                "type": "",
                "value": "NoSchedule"
              },
              {
                "name": "controller.tolerations[0].key",
                "type": "",
                "value": "node-role.kubernetes.io/control-plane"
              },
              {
                "name": "controller.tolerations[0].operator",
                "type": "",
                "value": "Exists"
              },
              {
                "name": "controller.watchIngressWithoutClass",
                "type": "string",
                "value": "true"
              }
            ],
            "set_list": [],
            "set_sensitive": [],
            "skip_crds": false,
            "status": "deployed",
            "timeout": 300,
            "upgrade_install": null,
            "values": null,
            "verify": false,
            "version": "4.14.1",
            "wait": true,
            "wait_for_jobs": false
          },
          "sensitive_attributes": [
            [
              {
                "type": "get_attr",
                "value": "repository_password"
              }
            ]
          ],
          "identity_schema_version": 0,
          "private": "eyJzY2hlbWFfdmVyc2lvbiI6IjEifQ==",
          "dependencies": [
            "kind_cluster.this"
          ]
        }
      ]
    },
    {
      "mode": "managed",
      "type": "kind_cluster",
      "name": "this",
      "provider": "provider[\"registry.terraform.io/tehcyx/kind\"]",
      "instances": [
        {
          "schema_version": 0,
          "attributes": {
            "client_certificate": "-----BEGIN CERTIFICATE-----\nMIIDKTCCAhGgAwIBAgIIOF7cw7k5sMMwDQYJKoZIhvcNAQELBQAwFTETMBEGA1UE\nAxMKa3ViZXJuZXRlczAeFw0yNTEyMTQwNTE5MDFaFw0yNjEyMTQwNTI0MDNaMDwx\nHzAdBgNVBAoTFmt1YmVhZG06Y2x1c3Rlci1hZG1pbnMxGTAXBgNVBAMTEGt1YmVy\nbmV0ZXMtYWRtaW4wggEiMA0GCSqGSIb3DQEBAQUAA4IBDwAwggEKAoIBAQDFFLJO\nCx/fGp4oPOvEVGDYt1bLO5LiVTyhT4ieXoTlqN8EClHEFBN6RZNMjVAhC3k6EtsY\nNYpJ8jtSURKgDyihLD3POyrxLZGRnmZQKuLRbmHPvfBectpaGWLrmEEPp4oeb4ln\nQvT6NJdseYtzUqqKTjsG44e5RQf6yPuV5wLyoFcsTRCPX8oQTIU8mk1gDcHlQaAY\nW2rELRLfBnf9VxjAAF6SNyM7DH3An3R8wQPTzTQ5qiiBiMt9vWJVdlggJuOMGNaS\nbpoWGatwNmhRinU6lSyqY255XTs5k+SlG51Xy1CDjz+WNIi1a3rGlDPGJXJ6sVzX\ndsjK3T3a275wEbkdAgMBAAGjVjBUMA4GA1UdDwEB/wQEAwIFoDATBgNVHSUEDDAK\nBggrBgEFBQcDAjAMBgNVHRMBAf8EAjAAMB8GA1UdIwQYMBaAFHylt+cgNhEMSO/p\nkntwE4gICpwGMA0GCSqGSIb3DQEBCwUAA4IBAQAzm43TosJAcqAAvVzOfRbCDOKN\nC/eCdr43K0s1oU5IE/B6Ed/S0U+ltP5TF6OkayySaxlXGYPghhf3X6L2Jar+UQfc\noB9p7/zp225s324uQCzHpZ+xHymL4oSjqrM/QOxMvDWKcS5L/e0Kj/G1e80443/X\ncZwwRd8Zt95d3eHkqCOIRMvH29LVGjJEfMC7X64XxghAEiqMvlgnGC9q44FNSgNh\nd9KqYLIAgCncbVamYGa+sQMD3Cz88WnXad5oBduQ6o7km0X2La++fohlppAnLbXr\n+f/hWD2fdy0Mw0ZaOiHSdhUzSdqJFDTVPVobcFt9NccxrXKLAvO+bY+Fx3oc\n-----END CERTIFICATE-----\n",
            "client_key": "-----BEGIN RSA PRIVATE KEY-----\nMIIEpAIBAAKCAQEAxRSyTgsf3xqeKDzrxFRg2LdWyzuS4lU8oU+Inl6E5ajfBApR\nxBQTekWTTI1QIQt5OhLbGDWKSfI7UlESoA8ooSw9zzsq8S2RkZ5mUCri0W5hz73w\nXnLaWhli65hBD6eKHm+JZ0L0+jSXbHmLc1Kqik47BuOHuUUH+sj7lecC8qBXLE0Q\nj1/KEEyFPJpNYA3B5UGgGFtqxC0S3wZ3/VcYwABekjcjOwx9wJ90fMED0800Oaoo\ngYjLfb1iVXZYICbjjBjWkm6aFhmrcDZoUYp1OpUsqmNueV07OZPkpRudV8tQg48/\nljSItWt6xpQzxiVyerFc13bIyt092tu+cBG5HQIDAQABAoIBAAbThrGJVRtHMr82\nDPyJ56jaANmdQKMyTJ1RweuqXnQN+1uKd/aQs3QCwO1f36ylVxeZ25jlEdsp1sAt\nKrX8kG20uJda90vPRkGC+QxB0AVtC1pEu/SpicKhKnn6lhZSuUgAmQPIn++irrQF\nKb1e2aVcvFKqwuK572LSX1R74fBBae3Z5fKe8iibchw3W61PC51XhMrdq3OuvqRa\nCDftFlZ0auMx+IobusTXdmeE7r7GCjLs0yZygAQEAkwDS9y6IAuYYYiqCewwfzig\n1kIj17MuKlGZydCObW7u4T/Re9ZOjqLAbHaTjx/nTpYbzzIMQn8gEALQYn3fqDq9\n5ZmQYkkCgYEA1Fs7QS3XnAdf+BPKTDagoos1xv0CSvUGL0gU+hH7WiL1R53ROjRI\nLtNWzIxmLjaKiEqY81zEKPbuyWGoephZE9ALuD99DIg5y9wF2wIsywqwWu1rqtex\nx4v7vvugt8XtwON/f/bCUpxUhfwHHHL0QAvJWb8U7KldWSM9wH5rGKsCgYEA7ZXE\n64QqfQcqC7tBPjX5ww7PYqY8N8pkpz5zkf+CvC8dbvaOig+IcD50uTIQmTMpwFmj\nIWCUFtpCC03YQTijGGS3Dmrmb03/ENj53mXo2Px7xOh8rfCVzNe8qm7BFPWDr4F+\nIZ/lDOIBsv8PT/RL+eOtsR8aqgeLYoePhKiTBVcCgYB6YzYsY4pPH6T86hL+h8Fe\nzNKqo6kNoFf3KhkE4xY1Jc6tftRWMkmjyyPMceJ2IfMHh87M+5sGbQLER6d9OI6m\nL5KBlv2wGlcNGfq59W/xeXCYhxs1dGi+s/vcX1OKduWG9NbH3mSyjezc55sFl28T\n9ncOZWVe3GGzfO8bIQECTwKBgQCXJUnCvzE8mzsvfXBzQGllo11iF/mFULgaAcwK\nXK/yQlMKTca+pEUbi1A8pVIT9I2iNiRmzodHxpBvmpVyYLK5iRFAFdgFhWw4bqD/\n0HuC15Vx3qm7CqxyRelbz9v8FnkxRUNV5uAUAxArrMI0DmnrTuIoJW6ULvqIs08l\niQ0HPwKBgQDCVwYmG8CdxfUVkfICZ7RUn/H9zIZl/MtnoHO232Wr/hN+pNqmJ9Vf\nDDwoGXYPOIW/xlrcdBJVtTKrdZ5XbRpqJg57sVqC8CX5ClbG/UCzvTFbH43pe3eU\nWfGdlrU0RL+ZjwFfzVVhWSCkAManhb3fJ1lPu6b7/jidynpwAlJ98g==\n-----END RSA PRIVATE KEY-----\n",
            "cluster_ca_certificate": "-----BEGIN CERTIFICATE-----\nMIIDBTCCAe2gAwIBAgIIcBQyexPVB9UwDQYJKoZIhvcNAQELBQAwFTETMBEGA1UE\nAxMKa3ViZXJuZXRlczAeFw0yNTEyMTQwNTE5MDFaFw0zNTEyMTIwNTI0MDFaMBUx\nEzARBgNVBAMTCmt1YmVybmV0ZXMwggEiMA0GCSqGSIb3DQEBAQUAA4IBDwAwggEK\nAoIBAQDTwcXj+7Zeu0DQXSSULDL+Nn5K3aHJY5nYmX5GUpKim6wNMkLi7h3sZ0EZ\n1GY4QjABRegfdha3RZSkOqQcY3EtGNUidJlldQV9Ylg98Trm88rn8qIgAU4wnx1E\nyGQ8VocpkQ84phcmcFPM1Hga3azBVYubKYyHa6jRv0tD9LJMHqQeUupiQVhbj5bK\nd99ifBO7q+aW8MhyHh7GhE+6oaNNBdIql3J6wmRDWHK5FfT20vPhVI0BHtsNxx6h\nt2BsVt4bh+GrSM4mJ6V3GnqcIvhlrac0V8GTagzWubJvTX2l8BcwhtM9C2Nu4+3i\nE2Q5S6VPJCaoDkTzk45D4aK7ajTBAgMBAAGjWTBXMA4GA1UdDwEB/wQEAwICpDAP\nBgNVHRMBAf8EBTADAQH/MB0GA1UdDgQWBBR8pbfnIDYRDEjv6ZJ7cBOICAqcBjAV\nBgNVHREEDjAMggprdWJlcm5ldGVzMA0GCSqGSIb3DQEBCwUAA4IBAQB9uujacuh5\nY/l7AiI3baHKGupALb353zUSTpxNib/7SQhE64O5HkaTH41LLBumutysiW9mAEK+\nPdRtnj5HHDlsBq49a1BJs+rVu42gFK19ymXp3AjlxOg9JSmjMe68XTk9nOre7XbJ\nLN1lElj72PKDTpVLqPemFbc4trlWiZ6ePFdRzm7I5l2KDZjxajc+4u8ISpX5lSel\n56WMRB3Ar0YAByXOTa/qEFDBvSGmFcF0nXXQTU/YTshErLva1il2Ilu/uImXreHH\nvyJkxIorqgfOkpIbZTk6KQg833HlVrzdm8X90zifltleys+Y5xsPw19//lDmvCkg\nbfhkPaQ+VVQs\n-----END CERTIFICATE-----\n",
            "completed": true,
            "endpoint": "https://127.0.0.1:39019",
            "id": "kind-cluster-1-kindest/node:v1.29.8",
            "kind_config": [
              {
                "api_version": "kind.x-k8s.io/v1alpha4",
                "containerd_config_patches": [],
                "feature_gates": {},
                "kind": "Cluster",
                "networking": [],
                "node": [
                  {
                    "extra_mounts": [],
                    "extra_port_mappings": [],
                    "image": "",
                    "kubeadm_config_patches": [
                      "kind: InitConfiguration\nnodeRegistration:\n  kubeletExtraArgs:\n    node-labels: \"ingress-ready=true\"\n"
                    ],
                    "labels": {},
                    "role": "control-plane"
                  }
                ],
                "runtime_config": {}
              }
            ],
            "kubeconfig": "apiVersion: v1\nclusters:\n- cluster:\n    certificate-authority-data: LS0tLS1CRUdJTiBDRVJUSUZJQ0FURS0tLS0tCk1JSURCVENDQWUyZ0F3SUJBZ0lJY0JReWV4UFZCOVV3RFFZSktvWklodmNOQVFFTEJRQXdGVEVUTUJFR0ExVUUKQXhNS2EzVmlaWEp1WlhSbGN6QWVGdzB5TlRFeU1UUXdOVEU1TURGYUZ3MHpOVEV5TVRJd05USTBNREZhTUJVeApFekFSQmdOVkJBTVRDbXQxWW1WeWJtVjBaWE13Z2dFaU1BMEdDU3FHU0liM0RRRUJBUVVBQTRJQkR3QXdnZ0VLCkFvSUJBUURUd2NYais3WmV1MERRWFNTVUxETCtObjVLM2FISlk1blltWDVHVXBLaW02d05Na0xpN2gzc1owRVoKMUdZNFFqQUJSZWdmZGhhM1JaU2tPcVFjWTNFdEdOVWlkSmxsZFFWOVlsZzk4VHJtODhybjhxSWdBVTR3bngxRQp5R1E4Vm9jcGtRODRwaGNtY0ZQTTFIZ2EzYXpCVll1YktZeUhhNmpSdjB0RDlMSk1IcVFlVXVwaVFWaGJqNWJLCmQ5OWlmQk83cSthVzhNaHlIaDdHaEUrNm9hTk5CZElxbDNKNndtUkRXSEs1RmZUMjB2UGhWSTBCSHRzTnh4NmgKdDJCc1Z0NGJoK0dyU000bUo2VjNHbnFjSXZobHJhYzBWOEdUYWd6V3ViSnZUWDJsOEJjd2h0TTlDMk51NCszaQpFMlE1UzZWUEpDYW9Ea1R6azQ1RDRhSzdhalRCQWdNQkFBR2pXVEJYTUE0R0ExVWREd0VCL3dRRUF3SUNwREFQCkJnTlZIUk1CQWY4RUJUQURBUUgvTUIwR0ExVWREZ1FXQkJSOHBiZm5JRFlSREVqdjZaSjdjQk9JQ0FxY0JqQVYKQmdOVkhSRUVEakFNZ2dwcmRXSmxjbTVsZEdWek1BMEdDU3FHU0liM0RRRUJDd1VBQTRJQkFRQjl1dWphY3VoNQpZL2w3QWlJM2JhSEtHdXBBTGIzNTN6VVNUcHhOaWIvN1NRaEU2NE81SGthVEg0MUxMQnVtdXR5c2lXOW1BRUsrClBkUnRuajVISERsc0JxNDlhMUJKcytyVnU0MmdGSzE5eW1YcDNBamx4T2c5SlNtak1lNjhYVGs5bk9yZTdYYkoKTE4xbEVsajcyUEtEVHBWTHFQZW1GYmM0dHJsV2laNmVQRmRSem03STVsMktEWmp4YWpjKzR1OElTcFg1bFNlbAo1NldNUkIzQXIwWUFCeVhPVGEvcUVGREJ2U0dtRmNGMG5YWFFUVS9ZVHNoRXJMdmExaWwySWx1L3VJbVhyZUhICnZ5Smt4SW9ycWdmT2twSWJaVGs2S1FnODMzSGxWcnpkbThYOTB6aWZsdGxleXMrWTV4c1B3MTkvL2xEbXZDa2cKYmZoa1BhUStWVlFzCi0tLS0tRU5EIENFUlRJRklDQVRFLS0tLS0K\n    server: https://127.0.0.1:39019\n  name: kind-kind-cluster-1\ncontexts:\n- context:\n    cluster: kind-kind-cluster-1\n    user: kind-kind-cluster-1\n  name: kind-kind-cluster-1\ncurrent-context: kind-kind-cluster-1\nkind: Config\npreferences: {}\nusers:\n- name: kind-kind-cluster-1\n  user:\n    client-certificate-data: LS0tLS1CRUdJTiBDRVJUSUZJQ0FURS0tLS0tCk1JSURLVENDQWhHZ0F3SUJBZ0lJT0Y3Y3c3azVzTU13RFFZSktvWklodmNOQVFFTEJRQXdGVEVUTUJFR0ExVUUKQXhNS2EzVmlaWEp1WlhSbGN6QWVGdzB5TlRFeU1UUXdOVEU1TURGYUZ3MHlOakV5TVRRd05USTBNRE5hTUR3eApIekFkQmdOVkJBb1RGbXQxWW1WaFpHMDZZMngxYzNSbGNpMWhaRzFwYm5NeEdUQVhCZ05WQkFNVEVHdDFZbVZ5CmJtVjBaWE10WVdSdGFXNHdnZ0VpTUEwR0NTcUdTSWIzRFFFQkFRVUFBNElCRHdBd2dnRUtBb0lCQVFERkZMSk8KQ3gvZkdwNG9QT3ZFVkdEWXQxYkxPNUxpVlR5aFQ0aWVYb1RscU44RUNsSEVGQk42UlpOTWpWQWhDM2s2RXRzWQpOWXBKOGp0U1VSS2dEeWloTEQzUE95cnhMWkdSbm1aUUt1TFJibUhQdmZCZWN0cGFHV0xybUVFUHA0b2ViNGxuClF2VDZOSmRzZVl0elVxcUtUanNHNDRlNVJRZjZ5UHVWNXdMeW9GY3NUUkNQWDhvUVRJVThtazFnRGNIbFFhQVkKVzJyRUxSTGZCbmY5VnhqQUFGNlNOeU03REgzQW4zUjh3UVBUelRRNXFpaUJpTXQ5dldKVmRsZ2dKdU9NR05hUwpicG9XR2F0d05taFJpblU2bFN5cVkyNTVYVHM1aytTbEc1MVh5MUNEanorV05JaTFhM3JHbERQR0pYSjZzVnpYCmRzakszVDNhMjc1d0Via2RBZ01CQUFHalZqQlVNQTRHQTFVZER3RUIvd1FFQXdJRm9EQVRCZ05WSFNVRUREQUsKQmdnckJnRUZCUWNEQWpBTUJnTlZIUk1CQWY4RUFqQUFNQjhHQTFVZEl3UVlNQmFBRkh5bHQrY2dOaEVNU08vcAprbnR3RTRnSUNwd0dNQTBHQ1NxR1NJYjNEUUVCQ3dVQUE0SUJBUUF6bTQzVG9zSkFjcUFBdlZ6T2ZSYkNET0tOCkMvZUNkcjQzSzBzMW9VNUlFL0I2RWQvUzBVK2x0UDVURjZPa2F5eVNheGxYR1lQZ2hoZjNYNkwySmFyK1VRZmMKb0I5cDcvenAyMjVzMzI0dVFDekhwWit4SHltTDRvU2pxck0vUU94TXZEV0tjUzVML2UwS2ovRzFlODA0NDMvWApjWnd3UmQ4WnQ5NWQzZUhrcUNPSVJNdkgyOUxWR2pKRWZNQzdYNjRYeGdoQUVpcU12bGduR0M5cTQ0Rk5TZ05oCmQ5S3FZTElBZ0NuY2JWYW1ZR2Erc1FNRDNDejg4V25YYWQ1b0JkdVE2bzdrbTBYMkxhKytmb2hscHBBbkxiWHIKK2YvaFdEMmZkeTBNdzBaYU9pSFNkaFV6U2RxSkZEVFZQVm9iY0Z0OU5jY3hyWEtMQXZPK2JZK0Z4M29jCi0tLS0tRU5EIENFUlRJRklDQVRFLS0tLS0K\n    client-key-data: LS0tLS1CRUdJTiBSU0EgUFJJVkFURSBLRVktLS0tLQpNSUlFcEFJQkFBS0NBUUVBeFJTeVRnc2YzeHFlS0R6cnhGUmcyTGRXeXp1UzRsVThvVStJbmw2RTVhamZCQXBSCnhCUVRla1dUVEkxUUlRdDVPaExiR0RXS1NmSTdVbEVTb0E4b29Tdzl6enNxOFMyUmtaNW1VQ3JpMFc1aHo3M3cKWG5MYVdobGk2NWhCRDZlS0htK0paMEwwK2pTWGJIbUxjMUtxaWs0N0J1T0h1VVVIK3NqN2xlY0M4cUJYTEUwUQpqMS9LRUV5RlBKcE5ZQTNCNVVHZ0dGdHF4QzBTM3daMy9WY1l3QUJla2pjak93eDl3SjkwZk1FRDA4MDBPYW9vCmdZakxmYjFpVlhaWUlDYmpqQmpXa202YUZobXJjRFpvVVlwMU9wVXNxbU51ZVYwN09aUGtwUnVkVjh0UWc0OC8KbGpTSXRXdDZ4cFF6eGlWeWVyRmMxM2JJeXQwOTJ0dStjQkc1SFFJREFRQUJBb0lCQUFiVGhyR0pWUnRITXI4MgpEUHlKNTZqYUFObWRRS015VEoxUndldXFYblFOKzF1S2QvYVFzM1FDd08xZjM2eWxWeGVaMjVqbEVkc3Axc0F0CktyWDhrRzIwdUpkYTkwdlBSa0dDK1F4QjBBVnRDMXBFdS9TcGljS2hLbm42bGhaU3VVZ0FtUVBJbisraXJyUUYKS2IxZTJhVmN2Rktxd3VLNTcyTFNYMVI3NGZCQmFlM1o1ZktlOGlpYmNodzNXNjFQQzUxWGhNcmRxM091dnFSYQpDRGZ0RmxaMGF1TXgrSW9idXNUWGRtZUU3cjdHQ2pMczB5WnlnQVFFQWt3RFM5eTZJQXVZWVlpcUNld3dmemlnCjFrSWoxN011S2xHWnlkQ09iVzd1NFQvUmU5Wk9qcUxBYkhhVGp4L25UcFlienpJTVFuOGdFQUxRWW4zZnFEcTkKNVptUVlra0NnWUVBMUZzN1FTM1huQWRmK0JQS1REYWdvb3MxeHYwQ1N2VUdMMGdVK2hIN1dpTDFSNTNST2pSSQpMdE5Xekl4bUxqYUtpRXFZODF6RUtQYnV5V0dvZXBoWkU5QUx1RDk5RElnNXk5d0Yyd0lzeXdxd1d1MXJxdGV4Cng0djd2dnVndDhYdHdPTi9mL2JDVXB4VWhmd0hISEwwUUF2SldiOFU3S2xkV1NNOXdINXJHS3NDZ1lFQTdaWEUKNjRRcWZRY3FDN3RCUGpYNXd3N1BZcVk4Tjhwa3B6NXprZitDdkM4ZGJ2YU9pZytJY0Q1MHVUSVFtVE1wd0ZtagpJV0NVRnRwQ0MwM1lRVGlqR0dTM0Rtcm1iMDMvRU5qNTNtWG8yUHg3eE9oOHJmQ1Z6TmU4cW03QkZQV0RyNEYrCklaL2xET0lCc3Y4UFQvUkwrZU90c1I4YXFnZUxZb2VQaEtpVEJWY0NnWUI2WXpZc1k0cFBINlQ4NmhMK2g4RmUKek5LcW82a05vRmYzS2hrRTR4WTFKYzZ0ZnRSV01rbWp5eVBNY2VKMklmTUhoODdNKzVzR2JRTEVSNmQ5T0k2bQpMNUtCbHYyd0dsY05HZnE1OVcveGVYQ1loeHMxZEdpK3MvdmNYMU9LZHVXRzlOYkgzbVN5amV6YzU1c0ZsMjhUCjluY09aV1ZlM0dHemZPOGJJUUVDVHdLQmdRQ1hKVW5DdnpFOG16c3ZmWEJ6UUdsbG8xMWlGL21GVUxnYUFjd0sKWEsveVFsTUtUY2ErcEVVYmkxQThwVklUOUkyaU5pUm16b2RIeHBCdm1wVnlZTEs1aVJGQUZkZ0ZoV3c0YnFELwowSHVDMTVWeDNxbTdDcXh5UmVsYno5djhGbmt4UlVOVjV1QVVBeEFyck1JMERtbnJUdUlvSlc2VUx2cUlzMDhsCmlRMEhQd0tCZ1FEQ1Z3WW1HOENkeGZVVmtmSUNaN1JVbi9IOXpJWmwvTXRub0hPMjMyV3IvaE4rcE5xbUo5VmYKRER3b0dYWVBPSVcveGxyY2RCSlZ0VEtyZFo1WGJScHFKZzU3c1ZxQzhDWDVDbGJHL1VDenZURmJINDNwZTNlVQpXZkdkbHJVMFJMK1pqd0ZmelZWaFdTQ2tBTWFuaGIzZkoxbFB1NmI3L2ppZHlucHdBbEo5OGc9PQotLS0tLUVORCBSU0EgUFJJVkFURSBLRVktLS0tLQo=\n",
            "kubeconfig_path": "/home/tanzim/projects/devops/devops-test/infra/terraform/kind-cluster-1-config",
            "name": "kind-cluster-1",
            "node_image": "kindest/node:v1.29.8",
            "timeouts": null,
            "wait_for_ready": true
          },
          "sensitive_attributes": [],
          "identity_schema_version": 0,
          "private": "eyJlMmJmYjczMC1lY2FhLTExZTYtOGY4OC0zNDM2M2JjN2M0YzAiOnsiY3JlYXRlIjozMDAwMDAwMDAwMDAsImRlbGV0ZSI6MzAwMDAwMDAwMDAwLCJ1cGRhdGUiOjMwMDAwMDAwMDAwMH19"
        }
      ]
    },
    {
      "mode": "managed",
      "type": "kubernetes_deployment",
      "name": "backend",
      "provider": "provider[\"registry.terraform.io/hashicorp/kubernetes\"]",
      "instances": [
        {
          "schema_version": 1,
          "attributes": {
            "id": "devops-dev/backend",
            "metadata": [
              {
                "annotations": {
                  "prometheus.io/path": "/metrics",
                  "prometheus.io/port": "5000",
                  "prometheus.io/scrape": "true"
                },
                "generate_name": "",
                "generation": 1,
                "labels": {},
                "name": "backend",
                "namespace": "devops-dev",
                "resource_version": "1221",
                "uid": "0540ce2b-a77c-488d-90e6-61e06a52f14b"
              }
            ],
            "spec": [
              {
                "min_ready_seconds": 0,
                "paused": false,
                "progress_deadline_seconds": 600,
                "replicas": "1",
                "revision_history_limit": 10,
                "selector": [
                  {
                    "match_expressions": [],
                    "match_labels": {
                      "app": "backend"
                    }
                  }
                ],
                "strategy": [
                  {
                    "rolling_update": [
                      {
                        "max_surge": "25%",
                        "max_unavailable": "25%"
                      }
                    ],
                    "type": "RollingUpdate"
                  }
                ],
                "template": [
                  {
                    "metadata": [
                      {
                        "annotations": {},
                        "generate_name": "",
                        "generation": 0,
                        "labels": {
                          "app": "backend"
                        },
                        "name": "",
                        "namespace": "",
                        "resource_version": "",
                        "uid": ""
                      }
                    ],
                    "spec": [
                      {
                        "active_deadline_seconds": 0,
                        "affinity": [],
                        "automount_service_account_token": true,
                        "container": [
                          {
                            "args": [],
                            "command": [],
                            "env": [],
                            "env_from": [],
                            "image": "backend:latest",
                            "image_pull_policy": "Never",
                            "lifecycle": [],
                            "liveness_probe": [],
                            "name": "backend",
                            "port": [
                              {
                                "container_port": 5000,
                                "host_ip": "",
                                "host_port": 0,
                                "name": "",
                                "protocol": "TCP"
                              }
                            ],
                            "readiness_probe": [],
                            "resources": [
                              {
                                "limits": {},
                                "requests": {}
                              }
                            ],
                            "security_context": [],
                            "startup_probe": [],
                            "stdin": false,
                            "stdin_once": false,
                            "termination_message_path": "/dev/termination-log",
                            "termination_message_policy": "File",
                            "tty": false,
                            "volume_mount": [],
                            "working_dir": ""
                          }
                        ],
                        "dns_config": [],
                        "dns_policy": "ClusterFirst",
                        "enable_service_links": true,
                        "host_aliases": [],
                        "host_ipc": false,
                        "host_network": false,
                        "host_pid": false,
                        "hostname": "",
                        "image_pull_secrets": [],
                        "init_container": [],
                        "node_name": "",
                        "node_selector": {},
                        "os": [],
                        "priority_class_name": "",
                        "readiness_gate": [],
                        "restart_policy": "Always",
                        "runtime_class_name": "",
                        "scheduler_name": "default-scheduler",
                        "security_context": [],
                        "service_account_name": "",
                        "share_process_namespace": false,
                        "subdomain": "",
                        "termination_grace_period_seconds": 30,
                        "toleration": [],
                        "topology_spread_constraint": [],
                        "volume": []
                      }
                    ]
                  }
                ]
              }
            ],
            "timeouts": null,
            "wait_for_rollout": true
          },
          "sensitive_attributes": [],
          "identity_schema_version": 0,
          "private": "eyJlMmJmYjczMC1lY2FhLTExZTYtOGY4OC0zNDM2M2JjN2M0YzAiOnsiY3JlYXRlIjo2MDAwMDAwMDAwMDAsImRlbGV0ZSI6NjAwMDAwMDAwMDAwLCJ1cGRhdGUiOjYwMDAwMDAwMDAwMH0sInNjaGVtYV92ZXJzaW9uIjoiMSJ9",
          "dependencies": [
            "kind_cluster.this",
            "kubernetes_namespace.dev"
          ]
        }
      ]
    },
    {
      "mode": "managed",
      "type": "kubernetes_deployment",
      "name": "frontend",
      "provider": "provider[\"registry.terraform.io/hashicorp/kubernetes\"]",
      "instances": [
        {
          "schema_version": 1,
          "attributes": {
            "id": "devops-dev/frontend",
            "metadata": [
              {
                "annotations": {},
                "generate_name": "",
                "generation": 1,
                "labels": {},
                "name": "frontend",
                "namespace": "devops-dev",
                "resource_version": "1161",
                "uid": "95341291-e5b8-428b-8ff4-f64a73903dd4"
              }
            ],
            "spec": [
              {
                "min_ready_seconds": 0,
                "paused": false,
                "progress_deadline_seconds": 600,
                "replicas": "1",
                "revision_history_limit": 10,
                "selector": [
                  {
                    "match_expressions": [],
                    "match_labels": {
                      "app": "frontend"
                    }
                  }
                ],
                "strategy": [
                  {
                    "rolling_update": [
                      {
                        "max_surge": "25%",
                        "max_unavailable": "25%"
                      }
                    ],
                    "type": "RollingUpdate"
                  }
                ],
                "template": [
                  {
                    "metadata": [
                      {
                        "annotations": {},
                        "generate_name": "",
                        "generation": 0,
                        "labels": {
                          "app": "frontend"
                        },
                        "name": "",
                        "namespace": "",
                        "resource_version": "",
                        "uid": ""
                      }
                    ],
                    "spec": [
                      {
                        "active_deadline_seconds": 0,
                        "affinity": [],
                        "automount_service_account_token": true,
                        "container": [
                          {
                            "args": [],
                            "command": [],
                            "env": [],
                            "env_from": [],
                            "image": "frontend:latest",
                            "image_pull_policy": "Never",
                            "lifecycle": [],
                            "liveness_probe": [],
                            "name": "frontend",
                            "port": [
                              {
                                "container_port": 80,
                                "host_ip": "",
                                "host_port": 0,
                                "name": "",
                                "protocol": "TCP"
                              }
                            ],
                            "readiness_probe": [],
                            "resources": [
                              {
                                "limits": {},
                                "requests": {}
                              }
                            ],
                            "security_context": [],
                            "startup_probe": [],
                            "stdin": false,
                            "stdin_once": false,
                            "termination_message_path": "/dev/termination-log",
                            "termination_message_policy": "File",
                            "tty": false,
                            "volume_mount": [],
                            "working_dir": ""
                          }
                        ],
                        "dns_config": [],
                        "dns_policy": "ClusterFirst",
                        "enable_service_links": true,
                        "host_aliases": [],
                        "host_ipc": false,
                        "host_network": false,
                        "host_pid": false,
                        "hostname": "",
                        "image_pull_secrets": [],
                        "init_container": [],
                        "node_name": "",
                        "node_selector": {},
                        "os": [],
                        "priority_class_name": "",
                        "readiness_gate": [],
                        "restart_policy": "Always",
                        "runtime_class_name": "",
                        "scheduler_name": "default-scheduler",
                        "security_context": [],
                        "service_account_name": "",
                        "share_process_namespace": false,
                        "subdomain": "",
                        "termination_grace_period_seconds": 30,
                        "toleration": [],
                        "topology_spread_constraint": [],
                        "volume": []
                      }
                    ]
                  }
                ]
              }
            ],
            "timeouts": null,
            "wait_for_rollout": true
          },
          "sensitive_attributes": [],
          "identity_schema_version": 0,
          "private": "eyJlMmJmYjczMC1lY2FhLTExZTYtOGY4OC0zNDM2M2JjN2M0YzAiOnsiY3JlYXRlIjo2MDAwMDAwMDAwMDAsImRlbGV0ZSI6NjAwMDAwMDAwMDAwLCJ1cGRhdGUiOjYwMDAwMDAwMDAwMH0sInNjaGVtYV92ZXJzaW9uIjoiMSJ9",
          "dependencies": [
            "kind_cluster.this",
            "kubernetes_namespace.dev"
          ]
        }
      ]
    },
    {
      "mode": "managed",
      "type": "kubernetes_ingress_v1",
      "name": "app",
      "provider": "provider[\"registry.terraform.io/hashicorp/kubernetes\"]",
      "instances": [
        {
          "schema_version": 0,
          "attributes": {
            "id": "devops-dev/app-ingress",
            "metadata": [
              {
                "annotations": {
                  "nginx.ingress.kubernetes.io/ssl-redirect": "false"
                },
                "generate_name": "",
                "generation": 1,
                "labels": {},
                "name": "app-ingress",
                "namespace": "devops-dev",
                "resource_version": "453",
                "uid": "d65aabe8-b0a2-41ed-8165-e3546e22b93a"
              }
            ],
            "spec": [
              {
                "default_backend": [],
                "ingress_class_name": "nginx",
                "rule": [
                  {
                    "host": "app.devops-test.local",
                    "http": [
                      {
                        "path": [
                          {
                            "backend": [
                              {
                                "resource": [],
                                "service": [
                                  {
                                    "name": "frontend",
                                    "port": [
                                      {
                                        "name": "",
                                        "number": 80
                                      }
                                    ]
                                  }
                                ]
                              }
                            ],
                            "path": "/",
                            "path_type": "Prefix"
                          }
                        ]
                      }
                    ]
                  },
                  {
                    "host": "api.devops-test.local",
                    "http": [
                      {
                        "path": [
                          {
                            "backend": [
                              {
                                "resource": [],
                                "service": [
                                  {
                                    "name": "backend",
                                    "port": [
                                      {
                                        "name": "",
                                        "number": 5000
                                      }
                                    ]
                                  }
                                ]
                              }
                            ],
                            "path": "/",
                            "path_type": "Prefix"
                          }
                        ]
                      }
                    ]
                  }
                ],
                "tls": []
              }
            ],
            "status": [
              {
                "load_balancer": [
                  {
                    "ingress": []
                  }
                ]
              }
            ],
            "timeouts": null,
            "wait_for_load_balancer": null
          },
          "sensitive_attributes": [],
          "identity_schema_version": 0,
          "private": "eyJlMmJmYjczMC1lY2FhLTExZTYtOGY4OC0zNDM2M2JjN2M0YzAiOnsiY3JlYXRlIjoxMjAwMDAwMDAwMDAwLCJkZWxldGUiOjEyMDAwMDAwMDAwMDB9fQ==",
          "dependencies": [
            "kind_cluster.this",
            "kubernetes_namespace.dev",
            "kubernetes_service.backend",
            "kubernetes_service.frontend"
          ]
        }
      ]
    },
    {
      "mode": "managed",
      "type": "kubernetes_namespace",
      "name": "dev",
      "provider": "provider[\"registry.terraform.io/hashicorp/kubernetes\"]",
      "instances": [
        {
          "schema_version": 0,
          "attributes": {
            "id": "devops-dev",
            "metadata": [
              {
                "annotations": {},
                "generate_name": "",
                "generation": 0,
                "labels": {},
                "name": "devops-dev",
                "resource_version": "432",
                "uid": "cad2b0e8-0273-4a39-96e1-9efb9ffedbcd"
              }
            ],
            "timeouts": null,
            "wait_for_default_service_account": false
          },
          "sensitive_attributes": [],
          "identity_schema_version": 0,
          "private": "eyJlMmJmYjczMC1lY2FhLTExZTYtOGY4OC0zNDM2M2JjN2M0YzAiOnsiZGVsZXRlIjozMDAwMDAwMDAwMDB9fQ==",
          "dependencies": [
            "kind_cluster.this"
          ]
        }
      ]
    },
    {
      "mode": "managed",
      "type": "kubernetes_secret",
      "name": "backend",
      "provider": "provider[\"registry.terraform.io/hashicorp/kubernetes\"]",
      "instances": [
        {
          "schema_version": 0,
          "attributes": {
            "binary_data": null,
            "data": {},
            "id": "devops-dev/backend-secrets",
            "immutable": false,
            "metadata": [
              {
                "annotations": {},
                "generate_name": "",
                "generation": 0,
                "labels": {},
                "name": "backend-secrets",
                "namespace": "devops-dev",
                "resource_version": "436",
                "uid": "87f4c557-ee53-484a-807e-43bc5339c299"
              }
            ],
            "timeouts": null,
            "type": "Opaque",
            "wait_for_service_account_token": true
          },
          "sensitive_attributes": [
            [
              {
                "type": "get_attr",
                "value": "binary_data"
              }
            ],
            [
              {
                "type": "get_attr",
                "value": "data"
              }
            ]
          ],
          "identity_schema_version": 0,
          "private": "eyJlMmJmYjczMC1lY2FhLTExZTYtOGY4OC0zNDM2M2JjN2M0YzAiOnsiY3JlYXRlIjo2MDAwMDAwMDAwMH19",
          "dependencies": [
            "kind_cluster.this",
            "kubernetes_namespace.dev"
          ]
        }
      ]
    },
    {
      "mode": "managed",
      "type": "kubernetes_secret",
      "name": "postgres",
      "provider": "provider[\"registry.terraform.io/hashicorp/kubernetes\"]",
      "instances": [
        {
          "schema_version": 0,
          "attributes": {
            "binary_data": null,
            "data": {
              "POSTGRES_DB": "c2FtcGxlZGI=",
              "POSTGRES_PASSWORD": "cG9zdGdyZXMtcGFzcw==",
              "POSTGRES_USER": "cG9zdGdyZXM="
            },
            "id": "devops-dev/postgres-secret",
            "immutable": false,
            "metadata": [
              {
                "annotations": {},
                "generate_name": "",
                "generation": 0,
                "labels": {},
                "name": "postgres-secret",
                "namespace": "devops-dev",
                "resource_version": "435",
                "uid": "3e9a3b2f-d878-480e-bb0d-9dbe0b2ba7a0"
              }
            ],
            "timeouts": null,
            "type": "Opaque",
            "wait_for_service_account_token": true
          },
          "sensitive_attributes": [
            [
              {
                "type": "get_attr",
                "value": "binary_data"
              }
            ],
            [
              {
                "type": "get_attr",
                "value": "data"
              }
            ]
          ],
          "identity_schema_version": 0,
          "private": "eyJlMmJmYjczMC1lY2FhLTExZTYtOGY4OC0zNDM2M2JjN2M0YzAiOnsiY3JlYXRlIjo2MDAwMDAwMDAwMH19",
          "dependencies": [
            "kind_cluster.this",
            "kubernetes_namespace.dev"
          ]
        }
      ]
    },
    {
      "mode": "managed",
      "type": "kubernetes_service",
      "name": "backend",
      "provider": "provider[\"registry.terraform.io/hashicorp/kubernetes\"]",
      "instances": [
        {
          "schema_version": 1,
          "attributes": {
            "id": "devops-dev/backend",
            "metadata": [
              {
                "annotations": {},
                "generate_name": "",
                "generation": 0,
                "labels": {},
                "name": "backend",
                "namespace": "devops-dev",
                "resource_version": "444",
                "uid": "611fb33c-2c8f-4e9f-8afd-a3cc08964b04"
              }
            ],
            "spec": [
              {
                "allocate_load_balancer_node_ports": true,
                "cluster_ip": "10.96.82.186",
                "cluster_ips": [
                  "10.96.82.186"
                ],
                "external_ips": [],
                "external_name": "",
                "external_traffic_policy": "",
                "health_check_node_port": 0,
                "internal_traffic_policy": "Cluster",
                "ip_families": [
                  "IPv4"
                ],
                "ip_family_policy": "SingleStack",
                "load_balancer_class": "",
                "load_balancer_ip": "",
                "load_balancer_source_ranges": [],
                "port": [
                  {
                    "app_protocol": "",
                    "name": "",
                    "node_port": 0,
                    "port": 5000,
                    "protocol": "TCP",
                    "target_port": "5000"
                  }
                ],
                "publish_not_ready_addresses": false,
                "selector": {
                  "app": "backend"
                },
                "session_affinity": "None",
                "session_affinity_config": [],
                "type": "ClusterIP"
              }
            ],
            "status": [
              {
                "load_balancer": [
                  {
                    "ingress": []
                  }
                ]
              }
            ],
            "timeouts": null,
            "wait_for_load_balancer": true
          },
          "sensitive_attributes": [],
          "identity_schema_version": 0,
          "private": "eyJlMmJmYjczMC1lY2FhLTExZTYtOGY4OC0zNDM2M2JjN2M0YzAiOnsiY3JlYXRlIjo2MDAwMDAwMDAwMDB9LCJzY2hlbWFfdmVyc2lvbiI6IjEifQ==",
          "dependencies": [
            "kind_cluster.this",
            "kubernetes_namespace.dev"
          ]
        }
      ]
    },
    {
      "mode": "managed",
      "type": "kubernetes_service",
      "name": "frontend",
      "provider": "provider[\"registry.terraform.io/hashicorp/kubernetes\"]",
      "instances": [
        {
          "schema_version": 1,
          "attributes": {
            "id": "devops-dev/frontend",
            "metadata": [
              {
                "annotations": {},
                "generate_name": "",
                "generation": 0,
                "labels": {},
                "name": "frontend",
                "namespace": "devops-dev",
                "resource_version": "440",
                "uid": "f3c952bb-8cb9-4872-9ecf-42c66a0b7d3d"
              }
            ],
            "spec": [
              {
                "allocate_load_balancer_node_ports": true,
                "cluster_ip": "10.96.249.227",
                "cluster_ips": [
                  "10.96.249.227"
                ],
                "external_ips": [],
                "external_name": "",
                "external_traffic_policy": "",
                "health_check_node_port": 0,
                "internal_traffic_policy": "Cluster",
                "ip_families": [
                  "IPv4"
                ],
                "ip_family_policy": "SingleStack",
                "load_balancer_class": "",
                "load_balancer_ip": "",
                "load_balancer_source_ranges": [],
                "port": [
                  {
                    "app_protocol": "",
                    "name": "",
                    "node_port": 0,
                    "port": 80,
                    "protocol": "TCP",
                    "target_port": "80"
                  }
                ],
                "publish_not_ready_addresses": false,
                "selector": {
                  "app": "frontend"
                },
                "session_affinity": "None",
                "session_affinity_config": [],
                "type": "ClusterIP"
              }
            ],
            "status": [
              {
                "load_balancer": [
                  {
                    "ingress": []
                  }
                ]
              }
            ],
            "timeouts": null,
            "wait_for_load_balancer": true
          },
          "sensitive_attributes": [],
          "identity_schema_version": 0,
          "private": "eyJlMmJmYjczMC1lY2FhLTExZTYtOGY4OC0zNDM2M2JjN2M0YzAiOnsiY3JlYXRlIjo2MDAwMDAwMDAwMDB9LCJzY2hlbWFfdmVyc2lvbiI6IjEifQ==",
          "dependencies": [
            "kind_cluster.this",
            "kubernetes_namespace.dev"
          ]
        }
      ]
    },
    {
      "mode": "managed",
      "type": "kubernetes_service",
      "name": "postgres",
      "provider": "provider[\"registry.terraform.io/hashicorp/kubernetes\"]",
      "instances": [
        {
          "schema_version": 1,
          "attributes": {
            "id": "devops-dev/postgres",
            "metadata": [
              {
                "annotations": {},
                "generate_name": "",
                "generation": 0,
                "labels": {},
                "name": "postgres",
                "namespace": "devops-dev",
                "resource_version": "438",
                "uid": "fecc696a-bb1b-424a-858c-466aa0c8436e"
              }
            ],
            "spec": [
              {
                "allocate_load_balancer_node_ports": true,
                "cluster_ip": "10.96.162.94",
                "cluster_ips": [
                  "10.96.162.94"
                ],
                "external_ips": [],
                "external_name": "",
                "external_traffic_policy": "",
                "health_check_node_port": 0,
                "internal_traffic_policy": "Cluster",
                "ip_families": [
                  "IPv4"
                ],
                "ip_family_policy": "SingleStack",
                "load_balancer_class": "",
                "load_balancer_ip": "",
                "load_balancer_source_ranges": [],
                "port": [
                  {
                    "app_protocol": "",
                    "name": "",
                    "node_port": 0,
                    "port": 5432,
                    "protocol": "TCP",
                    "target_port": "5432"
                  }
                ],
                "publish_not_ready_addresses": false,
                "selector": {
                  "app": "postgres"
                },
                "session_affinity": "None",
                "session_affinity_config": [],
                "type": "ClusterIP"
              }
            ],
            "status": [
              {
                "load_balancer": [
                  {
                    "ingress": []
                  }
                ]
              }
            ],
            "timeouts": null,
            "wait_for_load_balancer": true
          },
          "sensitive_attributes": [],
          "identity_schema_version": 0,
          "private": "eyJlMmJmYjczMC1lY2FhLTExZTYtOGY4OC0zNDM2M2JjN2M0YzAiOnsiY3JlYXRlIjo2MDAwMDAwMDAwMDB9LCJzY2hlbWFfdmVyc2lvbiI6IjEifQ==",
          "dependencies": [
            "kind_cluster.this",
            "kubernetes_namespace.dev"
          ]
        }
      ]
    },
    {
      "mode": "managed",
      "type": "kubernetes_stateful_set",
      "name": "postgres",
      "provider": "provider[\"registry.terraform.io/hashicorp/kubernetes\"]",
      "instances": [
        {
          "schema_version": 1,
          "attributes": {
            "id": "devops-dev/postgres",
            "metadata": [
              {
                "annotations": {},
                "generate_name": "",
                "generation": 1,
                "labels": {},
                "name": "postgres",
                "namespace": "devops-dev",
                "resource_version": "661",
                "uid": "ce29ccec-f747-4af2-ad10-37e8da914b10"
              }
            ],
            "spec": [
              {
                "persistent_volume_claim_retention_policy": [
                  {
                    "when_deleted": "Retain",
                    "when_scaled": "Retain"
                  }
                ],
                "pod_management_policy": "OrderedReady",
                "replicas": "1",
                "revision_history_limit": 0,
                "selector": [
                  {
                    "match_expressions": [],
                    "match_labels": {
                      "app": "postgres"
                    }
                  }
                ],
                "service_name": "postgres",
                "template": [
                  {
                    "metadata": [
                      {
                        "annotations": {},
                        "generate_name": "",
                        "generation": 0,
                        "labels": {
                          "app": "postgres"
                        },
                        "name": "",
                        "namespace": "",
                        "resource_version": "",
                        "uid": ""
                      }
                    ],
                    "spec": [
                      {
                        "active_deadline_seconds": 0,
                        "affinity": [],
                        "automount_service_account_token": true,
                        "container": [
                          {
                            "args": [],
                            "command": [],
                            "env": [],
                            "env_from": [
                              {
                                "config_map_ref": [],
                                "prefix": "",
                                "secret_ref": [
                                  {
                                    "name": "postgres-secret",
                                    "optional": false
                                  }
                                ]
                              }
                            ],
                            "image": "pgvector/pgvector:pg17-trixie",
                            "image_pull_policy": "IfNotPresent",
                            "lifecycle": [],
                            "liveness_probe": [],
                            "name": "postgres",
                            "port": [
                              {
                                "container_port": 5432,
                                "host_ip": "",
                                "host_port": 0,
                                "name": "",
                                "protocol": "TCP"
                              }
                            ],
                            "readiness_probe": [],
                            "resources": [
                              {
                                "limits": {},
                                "requests": {}
                              }
                            ],
                            "security_context": [],
                            "startup_probe": [],
                            "stdin": false,
                            "stdin_once": false,
                            "termination_message_path": "/dev/termination-log",
                            "termination_message_policy": "File",
                            "tty": false,
                            "volume_mount": [
                              {
                                "mount_path": "/var/lib/postgresql/data",
                                "mount_propagation": "None",
                                "name": "data",
                                "read_only": false,
                                "sub_path": ""
                              }
                            ],
                            "working_dir": ""
                          }
                        ],
                        "dns_config": [],
                        "dns_policy": "ClusterFirst",
                        "enable_service_links": true,
                        "host_aliases": [],
                        "host_ipc": false,
                        "host_network": false,
                        "host_pid": false,
                        "hostname": "",
                        "image_pull_secrets": [],
                        "init_container": [],
                        "node_name": "",
                        "node_selector": {},
                        "os": [],
                        "priority_class_name": "",
                        "readiness_gate": [],
                        "restart_policy": "Always",
                        "runtime_class_name": "",
                        "scheduler_name": "default-scheduler",
                        "security_context": [],
                        "service_account_name": "",
                        "share_process_namespace": false,
                        "subdomain": "",
                        "termination_grace_period_seconds": 30,
                        "toleration": [],
                        "topology_spread_constraint": [],
                        "volume": []
                      }
                    ]
                  }
                ],
                "update_strategy": [],
                "volume_claim_template": [
                  {
                    "metadata": [
                      {
                        "annotations": {},
                        "generate_name": "",
                        "generation": 0,
                        "labels": {},
                        "name": "data",
                        "namespace": "default",
                        "resource_version": "",
                        "uid": ""
                      }
                    ],
                    "spec": [
                      {
                        "access_modes": [
                          "ReadWriteOnce"
                        ],
                        "resources": [
                          {
                            "limits": {},
                            "requests": {
                              "storage": "5Gi"
                            }
                          }
                        ],
                        "selector": [],
                        "storage_class_name": "standard",
                        "volume_mode": "Filesystem",
                        "volume_name": ""
                      }
                    ]
                  }
                ]
              }
            ],
            "timeouts": null,
            "wait_for_rollout": true
          },
          "sensitive_attributes": [],
          "identity_schema_version": 0,
          "private": "eyJlMmJmYjczMC1lY2FhLTExZTYtOGY4OC0zNDM2M2JjN2M0YzAiOnsiY3JlYXRlIjo2MDAwMDAwMDAwMDAsImRlbGV0ZSI6NjAwMDAwMDAwMDAwLCJyZWFkIjo2MDAwMDAwMDAwMDAsInVwZGF0ZSI6NjAwMDAwMDAwMDAwfSwic2NoZW1hX3ZlcnNpb24iOiIxIn0=",
          "dependencies": [
            "kind_cluster.this",
            "kubernetes_namespace.dev",
            "kubernetes_secret.postgres"
          ]
        }
      ]
    }
  ],
  "check_results": null
}
